// !$*UTF8*$!
{
	archiveVersion = 1;
	classes = {
	};
	objectVersion = 56;
	objects = {

/* Begin PBXBuildFile section */
		55212BB12BA7A0C400080A71 /* PlayWatchApp.swift in Sources */ = {isa = PBXBuildFile; fileRef = 55212BB02BA7A0C400080A71 /* PlayWatchApp.swift */; };
		55212BB32BA7A0C400080A71 /* ContentView.swift in Sources */ = {isa = PBXBuildFile; fileRef = 55212BB22BA7A0C400080A71 /* ContentView.swift */; };
		55212BB52BA7A0C400080A71 /* Item.swift in Sources */ = {isa = PBXBuildFile; fileRef = 55212BB42BA7A0C400080A71 /* Item.swift */; };
		55212BB72BA7A0C500080A71 /* Assets.xcassets in Resources */ = {isa = PBXBuildFile; fileRef = 55212BB62BA7A0C500080A71 /* Assets.xcassets */; };
		55212BBB2BA7A0C500080A71 /* Preview Assets.xcassets in Resources */ = {isa = PBXBuildFile; fileRef = 55212BBA2BA7A0C500080A71 /* Preview Assets.xcassets */; };
		55212BC52BA7A0C600080A71 /* PlayWatchTests.swift in Sources */ = {isa = PBXBuildFile; fileRef = 55212BC42BA7A0C600080A71 /* PlayWatchTests.swift */; };
		55212BCF2BA7A0C600080A71 /* PlayWatchUITests.swift in Sources */ = {isa = PBXBuildFile; fileRef = 55212BCE2BA7A0C600080A71 /* PlayWatchUITests.swift */; };
		55212BD12BA7A0C600080A71 /* PlayWatchUITestsLaunchTests.swift in Sources */ = {isa = PBXBuildFile; fileRef = 55212BD02BA7A0C600080A71 /* PlayWatchUITestsLaunchTests.swift */; };
		55212BDF2BA7A4DC00080A71 /* GeminiAPIKey.swift in Sources */ = {isa = PBXBuildFile; fileRef = 55212BDE2BA7A4DC00080A71 /* GeminiAPIKey.swift */; };
		55212BE12BA7A57000080A71 /* GenerativeAI-Info.plist in Resources */ = {isa = PBXBuildFile; fileRef = 55212BE02BA7A57000080A71 /* GenerativeAI-Info.plist */; };
/* End PBXBuildFile section */

/* Begin PBXContainerItemProxy section */
		55212BC12BA7A0C600080A71 /* PBXContainerItemProxy */ = {
			isa = PBXContainerItemProxy;
			containerPortal = 55212BA52BA7A0C400080A71 /* Project object */;
			proxyType = 1;
			remoteGlobalIDString = 55212BAC2BA7A0C400080A71;
			remoteInfo = PlayWatch;
		};
		55212BCB2BA7A0C600080A71 /* PBXContainerItemProxy */ = {
			isa = PBXContainerItemProxy;
			containerPortal = 55212BA52BA7A0C400080A71 /* Project object */;
			proxyType = 1;
			remoteGlobalIDString = 55212BAC2BA7A0C400080A71;
			remoteInfo = PlayWatch;
		};
/* End PBXContainerItemProxy section */

/* Begin PBXFileReference section */
		55212BAD2BA7A0C400080A71 /* PlayWatch.app */ = {isa = PBXFileReference; explicitFileType = wrapper.application; includeInIndex = 0; path = PlayWatch.app; sourceTree = BUILT_PRODUCTS_DIR; };
		55212BB02BA7A0C400080A71 /* PlayWatchApp.swift */ = {isa = PBXFileReference; lastKnownFileType = sourcecode.swift; path = PlayWatchApp.swift; sourceTree = "<group>"; };
		55212BB22BA7A0C400080A71 /* ContentView.swift */ = {isa = PBXFileReference; lastKnownFileType = sourcecode.swift; path = ContentView.swift; sourceTree = "<group>"; };
		55212BB42BA7A0C400080A71 /* Item.swift */ = {isa = PBXFileReference; lastKnownFileType = sourcecode.swift; path = Item.swift; sourceTree = "<group>"; };
		55212BB62BA7A0C500080A71 /* Assets.xcassets */ = {isa = PBXFileReference; lastKnownFileType = folder.assetcatalog; path = Assets.xcassets; sourceTree = "<group>"; };
		55212BB82BA7A0C500080A71 /* PlayWatch.entitlements */ = {isa = PBXFileReference; lastKnownFileType = text.plist.entitlements; path = PlayWatch.entitlements; sourceTree = "<group>"; };
		55212BBA2BA7A0C500080A71 /* Preview Assets.xcassets */ = {isa = PBXFileReference; lastKnownFileType = folder.assetcatalog; path = "Preview Assets.xcassets"; sourceTree = "<group>"; };
		55212BC02BA7A0C600080A71 /* PlayWatchTests.xctest */ = {isa = PBXFileReference; explicitFileType = wrapper.cfbundle; includeInIndex = 0; path = PlayWatchTests.xctest; sourceTree = BUILT_PRODUCTS_DIR; };
		55212BC42BA7A0C600080A71 /* PlayWatchTests.swift */ = {isa = PBXFileReference; lastKnownFileType = sourcecode.swift; path = PlayWatchTests.swift; sourceTree = "<group>"; };
		55212BCA2BA7A0C600080A71 /* PlayWatchUITests.xctest */ = {isa = PBXFileReference; explicitFileType = wrapper.cfbundle; includeInIndex = 0; path = PlayWatchUITests.xctest; sourceTree = BUILT_PRODUCTS_DIR; };
		55212BCE2BA7A0C600080A71 /* PlayWatchUITests.swift */ = {isa = PBXFileReference; lastKnownFileType = sourcecode.swift; path = PlayWatchUITests.swift; sourceTree = "<group>"; };
		55212BD02BA7A0C600080A71 /* PlayWatchUITestsLaunchTests.swift */ = {isa = PBXFileReference; lastKnownFileType = sourcecode.swift; path = PlayWatchUITestsLaunchTests.swift; sourceTree = "<group>"; };
		55212BDE2BA7A4DC00080A71 /* GeminiAPIKey.swift */ = {isa = PBXFileReference; fileEncoding = 4; lastKnownFileType = sourcecode.swift; path = GeminiAPIKey.swift; sourceTree = "<group>"; };
		55212BE02BA7A57000080A71 /* GenerativeAI-Info.plist */ = {isa = PBXFileReference; fileEncoding = 4; lastKnownFileType = text.plist.xml; path = "GenerativeAI-Info.plist"; sourceTree = "<group>"; };
/* End PBXFileReference section */

/* Begin PBXFrameworksBuildPhase section */
		55212BAA2BA7A0C400080A71 /* Frameworks */ = {
			isa = PBXFrameworksBuildPhase;
			buildActionMask = 2147483647;
			files = (
			);
			runOnlyForDeploymentPostprocessing = 0;
		};
		55212BBD2BA7A0C600080A71 /* Frameworks */ = {
			isa = PBXFrameworksBuildPhase;
			buildActionMask = 2147483647;
			files = (
			);
			runOnlyForDeploymentPostprocessing = 0;
		};
		55212BC72BA7A0C600080A71 /* Frameworks */ = {
			isa = PBXFrameworksBuildPhase;
			buildActionMask = 2147483647;
			files = (
			);
			runOnlyForDeploymentPostprocessing = 0;
		};
/* End PBXFrameworksBuildPhase section */

/* Begin PBXGroup section */
		55212BA42BA7A0C400080A71 = {
			isa = PBXGroup;
			children = (
				55212BAF2BA7A0C400080A71 /* PlayWatch */,
				55212BC32BA7A0C600080A71 /* PlayWatchTests */,
				55212BCD2BA7A0C600080A71 /* PlayWatchUITests */,
				55212BAE2BA7A0C400080A71 /* Products */,
			);
			sourceTree = "<group>";
		};
		55212BAE2BA7A0C400080A71 /* Products */ = {
			isa = PBXGroup;
			children = (
				55212BAD2BA7A0C400080A71 /* PlayWatch.app */,
				55212BC02BA7A0C600080A71 /* PlayWatchTests.xctest */,
				55212BCA2BA7A0C600080A71 /* PlayWatchUITests.xctest */,
			);
			name = Products;
			sourceTree = "<group>";
		};
		55212BAF2BA7A0C400080A71 /* PlayWatch */ = {
			isa = PBXGroup;
			children = (
				55212BDD2BA7A4A200080A71 /* GeminiAPIKey */,
				55212BB02BA7A0C400080A71 /* PlayWatchApp.swift */,
				55212BB22BA7A0C400080A71 /* ContentView.swift */,
				55212BB42BA7A0C400080A71 /* Item.swift */,
				55212BB62BA7A0C500080A71 /* Assets.xcassets */,
				55212BB82BA7A0C500080A71 /* PlayWatch.entitlements */,
				55212BB92BA7A0C500080A71 /* Preview Content */,
			);
			path = PlayWatch;
			sourceTree = "<group>";
		};
		55212BB92BA7A0C500080A71 /* Preview Content */ = {
			isa = PBXGroup;
			children = (
				55212BBA2BA7A0C500080A71 /* Preview Assets.xcassets */,
			);
			path = "Preview Content";
			sourceTree = "<group>";
		};
		55212BC32BA7A0C600080A71 /* PlayWatchTests */ = {
			isa = PBXGroup;
			children = (
				55212BC42BA7A0C600080A71 /* PlayWatchTests.swift */,
			);
			path = PlayWatchTests;
			sourceTree = "<group>";
		};
		55212BCD2BA7A0C600080A71 /* PlayWatchUITests */ = {
			isa = PBXGroup;
			children = (
				55212BCE2BA7A0C600080A71 /* PlayWatchUITests.swift */,
				55212BD02BA7A0C600080A71 /* PlayWatchUITestsLaunchTests.swift */,
			);
			path = PlayWatchUITests;
			sourceTree = "<group>";
		};
		55212BDD2BA7A4A200080A71 /* GeminiAPIKey */ = {
			isa = PBXGroup;
			children = (
				55212BDE2BA7A4DC00080A71 /* GeminiAPIKey.swift */,
				55212BE02BA7A57000080A71 /* GenerativeAI-Info.plist */,
			);
			path = GeminiAPIKey;
			sourceTree = "<group>";
		};
/* End PBXGroup section */

/* Begin PBXNativeTarget section */
		55212BAC2BA7A0C400080A71 /* PlayWatch */ = {
			isa = PBXNativeTarget;
			buildConfigurationList = 55212BD42BA7A0C600080A71 /* Build configuration list for PBXNativeTarget "PlayWatch" */;
			buildPhases = (
				55212BA92BA7A0C400080A71 /* Sources */,
				55212BAA2BA7A0C400080A71 /* Frameworks */,
				55212BAB2BA7A0C400080A71 /* Resources */,
			);
			buildRules = (
			);
			dependencies = (
			);
			name = PlayWatch;
			productName = PlayWatch;
			productReference = 55212BAD2BA7A0C400080A71 /* PlayWatch.app */;
			productType = "com.apple.product-type.application";
		};
		55212BBF2BA7A0C600080A71 /* PlayWatchTests */ = {
			isa = PBXNativeTarget;
			buildConfigurationList = 55212BD72BA7A0C600080A71 /* Build configuration list for PBXNativeTarget "PlayWatchTests" */;
			buildPhases = (
				55212BBC2BA7A0C600080A71 /* Sources */,
				55212BBD2BA7A0C600080A71 /* Frameworks */,
				55212BBE2BA7A0C600080A71 /* Resources */,
			);
			buildRules = (
			);
			dependencies = (
				55212BC22BA7A0C600080A71 /* PBXTargetDependency */,
			);
			name = PlayWatchTests;
			productName = PlayWatchTests;
			productReference = 55212BC02BA7A0C600080A71 /* PlayWatchTests.xctest */;
			productType = "com.apple.product-type.bundle.unit-test";
		};
		55212BC92BA7A0C600080A71 /* PlayWatchUITests */ = {
			isa = PBXNativeTarget;
			buildConfigurationList = 55212BDA2BA7A0C600080A71 /* Build configuration list for PBXNativeTarget "PlayWatchUITests" */;
			buildPhases = (
				55212BC62BA7A0C600080A71 /* Sources */,
				55212BC72BA7A0C600080A71 /* Frameworks */,
				55212BC82BA7A0C600080A71 /* Resources */,
			);
			buildRules = (
			);
			dependencies = (
				55212BCC2BA7A0C600080A71 /* PBXTargetDependency */,
			);
			name = PlayWatchUITests;
			productName = PlayWatchUITests;
			productReference = 55212BCA2BA7A0C600080A71 /* PlayWatchUITests.xctest */;
			productType = "com.apple.product-type.bundle.ui-testing";
		};
/* End PBXNativeTarget section */

/* Begin PBXProject section */
		55212BA52BA7A0C400080A71 /* Project object */ = {
			isa = PBXProject;
			attributes = {
				BuildIndependentTargetsInParallel = 1;
				LastSwiftUpdateCheck = 1530;
				LastUpgradeCheck = 1530;
				TargetAttributes = {
					55212BAC2BA7A0C400080A71 = {
						CreatedOnToolsVersion = 15.3;
					};
					55212BBF2BA7A0C600080A71 = {
						CreatedOnToolsVersion = 15.3;
						TestTargetID = 55212BAC2BA7A0C400080A71;
					};
					55212BC92BA7A0C600080A71 = {
						CreatedOnToolsVersion = 15.3;
						TestTargetID = 55212BAC2BA7A0C400080A71;
					};
				};
			};
			buildConfigurationList = 55212BA82BA7A0C400080A71 /* Build configuration list for PBXProject "PlayWatch" */;
			compatibilityVersion = "Xcode 14.0";
			developmentRegion = en;
			hasScannedForEncodings = 0;
			knownRegions = (
				en,
				Base,
			);
			mainGroup = 55212BA42BA7A0C400080A71;
			productRefGroup = 55212BAE2BA7A0C400080A71 /* Products */;
			projectDirPath = "";
			projectRoot = "";
			targets = (
				55212BAC2BA7A0C400080A71 /* PlayWatch */,
				55212BBF2BA7A0C600080A71 /* PlayWatchTests */,
				55212BC92BA7A0C600080A71 /* PlayWatchUITests */,
			);
		};
/* End PBXProject section */

/* Begin PBXResourcesBuildPhase section */
		55212BAB2BA7A0C400080A71 /* Resources */ = {
			isa = PBXResourcesBuildPhase;
			buildActionMask = 2147483647;
			files = (
				55212BE12BA7A57000080A71 /* GenerativeAI-Info.plist in Resources */,
				55212BBB2BA7A0C500080A71 /* Preview Assets.xcassets in Resources */,
				55212BB72BA7A0C500080A71 /* Assets.xcassets in Resources */,
			);
			runOnlyForDeploymentPostprocessing = 0;
		};
		55212BBE2BA7A0C600080A71 /* Resources */ = {
			isa = PBXResourcesBuildPhase;
			buildActionMask = 2147483647;
			files = (
			);
			runOnlyForDeploymentPostprocessing = 0;
		};
		55212BC82BA7A0C600080A71 /* Resources */ = {
			isa = PBXResourcesBuildPhase;
			buildActionMask = 2147483647;
			files = (
			);
			runOnlyForDeploymentPostprocessing = 0;
		};
/* End PBXResourcesBuildPhase section */

/* Begin PBXSourcesBuildPhase section */
		55212BA92BA7A0C400080A71 /* Sources */ = {
			isa = PBXSourcesBuildPhase;
			buildActionMask = 2147483647;
			files = (
				55212BB32BA7A0C400080A71 /* ContentView.swift in Sources */,
				55212BB52BA7A0C400080A71 /* Item.swift in Sources */,
				55212BDF2BA7A4DC00080A71 /* GeminiAPIKey.swift in Sources */,
				55212BB12BA7A0C400080A71 /* PlayWatchApp.swift in Sources */,
			);
			runOnlyForDeploymentPostprocessing = 0;
		};
		55212BBC2BA7A0C600080A71 /* Sources */ = {
			isa = PBXSourcesBuildPhase;
			buildActionMask = 2147483647;
			files = (
				55212BC52BA7A0C600080A71 /* PlayWatchTests.swift in Sources */,
			);
			runOnlyForDeploymentPostprocessing = 0;
		};
		55212BC62BA7A0C600080A71 /* Sources */ = {
			isa = PBXSourcesBuildPhase;
			buildActionMask = 2147483647;
			files = (
				55212BD12BA7A0C600080A71 /* PlayWatchUITestsLaunchTests.swift in Sources */,
				55212BCF2BA7A0C600080A71 /* PlayWatchUITests.swift in Sources */,
			);
			runOnlyForDeploymentPostprocessing = 0;
		};
/* End PBXSourcesBuildPhase section */

/* Begin PBXTargetDependency section */
		55212BC22BA7A0C600080A71 /* PBXTargetDependency */ = {
			isa = PBXTargetDependency;
			target = 55212BAC2BA7A0C400080A71 /* PlayWatch */;
			targetProxy = 55212BC12BA7A0C600080A71 /* PBXContainerItemProxy */;
		};
		55212BCC2BA7A0C600080A71 /* PBXTargetDependency */ = {
			isa = PBXTargetDependency;
			target = 55212BAC2BA7A0C400080A71 /* PlayWatch */;
			targetProxy = 55212BCB2BA7A0C600080A71 /* PBXContainerItemProxy */;
		};
/* End PBXTargetDependency section */

/* Begin XCBuildConfiguration section */
		55212BD22BA7A0C600080A71 /* Debug */ = {
			isa = XCBuildConfiguration;
			buildSettings = {
				ALWAYS_SEARCH_USER_PATHS = NO;
				ASSETCATALOG_COMPILER_GENERATE_SWIFT_ASSET_SYMBOL_EXTENSIONS = YES;
				CLANG_ANALYZER_NONNULL = YES;
				CLANG_ANALYZER_NUMBER_OBJECT_CONVERSION = YES_AGGRESSIVE;
				CLANG_CXX_LANGUAGE_STANDARD = "gnu++20";
				CLANG_ENABLE_MODULES = YES;
				CLANG_ENABLE_OBJC_ARC = YES;
				CLANG_ENABLE_OBJC_WEAK = YES;
				CLANG_WARN_BLOCK_CAPTURE_AUTORELEASING = YES;
				CLANG_WARN_BOOL_CONVERSION = YES;
				CLANG_WARN_COMMA = YES;
				CLANG_WARN_CONSTANT_CONVERSION = YES;
				CLANG_WARN_DEPRECATED_OBJC_IMPLEMENTATIONS = YES;
				CLANG_WARN_DIRECT_OBJC_ISA_USAGE = YES_ERROR;
				CLANG_WARN_DOCUMENTATION_COMMENTS = YES;
				CLANG_WARN_EMPTY_BODY = YES;
				CLANG_WARN_ENUM_CONVERSION = YES;
				CLANG_WARN_INFINITE_RECURSION = YES;
				CLANG_WARN_INT_CONVERSION = YES;
				CLANG_WARN_NON_LITERAL_NULL_CONVERSION = YES;
				CLANG_WARN_OBJC_IMPLICIT_RETAIN_SELF = YES;
				CLANG_WARN_OBJC_LITERAL_CONVERSION = YES;
				CLANG_WARN_OBJC_ROOT_CLASS = YES_ERROR;
				CLANG_WARN_QUOTED_INCLUDE_IN_FRAMEWORK_HEADER = YES;
				CLANG_WARN_RANGE_LOOP_ANALYSIS = YES;
				CLANG_WARN_STRICT_PROTOTYPES = YES;
				CLANG_WARN_SUSPICIOUS_MOVE = YES;
				CLANG_WARN_UNGUARDED_AVAILABILITY = YES_AGGRESSIVE;
				CLANG_WARN_UNREACHABLE_CODE = YES;
				CLANG_WARN__DUPLICATE_METHOD_MATCH = YES;
				COPY_PHASE_STRIP = NO;
				DEBUG_INFORMATION_FORMAT = dwarf;
				ENABLE_STRICT_OBJC_MSGSEND = YES;
				ENABLE_TESTABILITY = YES;
				ENABLE_USER_SCRIPT_SANDBOXING = YES;
				GCC_C_LANGUAGE_STANDARD = gnu17;
				GCC_DYNAMIC_NO_PIC = NO;
				GCC_NO_COMMON_BLOCKS = YES;
				GCC_OPTIMIZATION_LEVEL = 0;
				GCC_PREPROCESSOR_DEFINITIONS = (
					"DEBUG=1",
					"$(inherited)",
				);
				GCC_WARN_64_TO_32_BIT_CONVERSION = YES;
				GCC_WARN_ABOUT_RETURN_TYPE = YES_ERROR;
				GCC_WARN_UNDECLARED_SELECTOR = YES;
				GCC_WARN_UNINITIALIZED_AUTOS = YES_AGGRESSIVE;
				GCC_WARN_UNUSED_FUNCTION = YES;
				GCC_WARN_UNUSED_VARIABLE = YES;
				LOCALIZATION_PREFERS_STRING_CATALOGS = YES;
				MTL_ENABLE_DEBUG_INFO = INCLUDE_SOURCE;
				MTL_FAST_MATH = YES;
				ONLY_ACTIVE_ARCH = YES;
				SWIFT_ACTIVE_COMPILATION_CONDITIONS = "DEBUG $(inherited)";
				SWIFT_OPTIMIZATION_LEVEL = "-Onone";
			};
			name = Debug;
		};
		55212BD32BA7A0C600080A71 /* Release */ = {
			isa = XCBuildConfiguration;
			buildSettings = {
				ALWAYS_SEARCH_USER_PATHS = NO;
				ASSETCATALOG_COMPILER_GENERATE_SWIFT_ASSET_SYMBOL_EXTENSIONS = YES;
				CLANG_ANALYZER_NONNULL = YES;
				CLANG_ANALYZER_NUMBER_OBJECT_CONVERSION = YES_AGGRESSIVE;
				CLANG_CXX_LANGUAGE_STANDARD = "gnu++20";
				CLANG_ENABLE_MODULES = YES;
				CLANG_ENABLE_OBJC_ARC = YES;
				CLANG_ENABLE_OBJC_WEAK = YES;
				CLANG_WARN_BLOCK_CAPTURE_AUTORELEASING = YES;
				CLANG_WARN_BOOL_CONVERSION = YES;
				CLANG_WARN_COMMA = YES;
				CLANG_WARN_CONSTANT_CONVERSION = YES;
				CLANG_WARN_DEPRECATED_OBJC_IMPLEMENTATIONS = YES;
				CLANG_WARN_DIRECT_OBJC_ISA_USAGE = YES_ERROR;
				CLANG_WARN_DOCUMENTATION_COMMENTS = YES;
				CLANG_WARN_EMPTY_BODY = YES;
				CLANG_WARN_ENUM_CONVERSION = YES;
				CLANG_WARN_INFINITE_RECURSION = YES;
				CLANG_WARN_INT_CONVERSION = YES;
				CLANG_WARN_NON_LITERAL_NULL_CONVERSION = YES;
				CLANG_WARN_OBJC_IMPLICIT_RETAIN_SELF = YES;
				CLANG_WARN_OBJC_LITERAL_CONVERSION = YES;
				CLANG_WARN_OBJC_ROOT_CLASS = YES_ERROR;
				CLANG_WARN_QUOTED_INCLUDE_IN_FRAMEWORK_HEADER = YES;
				CLANG_WARN_RANGE_LOOP_ANALYSIS = YES;
				CLANG_WARN_STRICT_PROTOTYPES = YES;
				CLANG_WARN_SUSPICIOUS_MOVE = YES;
				CLANG_WARN_UNGUARDED_AVAILABILITY = YES_AGGRESSIVE;
				CLANG_WARN_UNREACHABLE_CODE = YES;
				CLANG_WARN__DUPLICATE_METHOD_MATCH = YES;
				COPY_PHASE_STRIP = NO;
				DEBUG_INFORMATION_FORMAT = "dwarf-with-dsym";
				ENABLE_NS_ASSERTIONS = NO;
				ENABLE_STRICT_OBJC_MSGSEND = YES;
				ENABLE_USER_SCRIPT_SANDBOXING = YES;
				GCC_C_LANGUAGE_STANDARD = gnu17;
				GCC_NO_COMMON_BLOCKS = YES;
				GCC_WARN_64_TO_32_BIT_CONVERSION = YES;
				GCC_WARN_ABOUT_RETURN_TYPE = YES_ERROR;
				GCC_WARN_UNDECLARED_SELECTOR = YES;
				GCC_WARN_UNINITIALIZED_AUTOS = YES_AGGRESSIVE;
				GCC_WARN_UNUSED_FUNCTION = YES;
				GCC_WARN_UNUSED_VARIABLE = YES;
				LOCALIZATION_PREFERS_STRING_CATALOGS = YES;
				MTL_ENABLE_DEBUG_INFO = NO;
				MTL_FAST_MATH = YES;
				SWIFT_COMPILATION_MODE = wholemodule;
			};
			name = Release;
		};
		55212BD52BA7A0C600080A71 /* Debug */ = {
			isa = XCBuildConfiguration;
			buildSettings = {
				ASSETCATALOG_COMPILER_APPICON_NAME = AppIcon;
				ASSETCATALOG_COMPILER_GLOBAL_ACCENT_COLOR_NAME = AccentColor;
				CODE_SIGN_ENTITLEMENTS = PlayWatch/PlayWatch.entitlements;
				CODE_SIGN_STYLE = Automatic;
				CURRENT_PROJECT_VERSION = 1;
				DEVELOPMENT_ASSET_PATHS = "\"PlayWatch/Preview Content\"";
				DEVELOPMENT_TEAM = 32C3Z2T4RE;
				ENABLE_HARDENED_RUNTIME = YES;
				ENABLE_PREVIEWS = YES;
				GENERATE_INFOPLIST_FILE = YES;
				"INFOPLIST_KEY_UIApplicationSceneManifest_Generation[sdk=iphoneos*]" = YES;
				"INFOPLIST_KEY_UIApplicationSceneManifest_Generation[sdk=iphonesimulator*]" = YES;
				"INFOPLIST_KEY_UIApplicationSupportsIndirectInputEvents[sdk=iphoneos*]" = YES;
				"INFOPLIST_KEY_UIApplicationSupportsIndirectInputEvents[sdk=iphonesimulator*]" = YES;
				"INFOPLIST_KEY_UILaunchScreen_Generation[sdk=iphoneos*]" = YES;
				"INFOPLIST_KEY_UILaunchScreen_Generation[sdk=iphonesimulator*]" = YES;
				"INFOPLIST_KEY_UIStatusBarStyle[sdk=iphoneos*]" = UIStatusBarStyleDefault;
				"INFOPLIST_KEY_UIStatusBarStyle[sdk=iphonesimulator*]" = UIStatusBarStyleDefault;
				INFOPLIST_KEY_UISupportedInterfaceOrientations_iPad = "UIInterfaceOrientationPortrait UIInterfaceOrientationPortraitUpsideDown UIInterfaceOrientationLandscapeLeft UIInterfaceOrientationLandscapeRight";
				INFOPLIST_KEY_UISupportedInterfaceOrientations_iPhone = "UIInterfaceOrientationPortrait UIInterfaceOrientationLandscapeLeft UIInterfaceOrientationLandscapeRight";
				IPHONEOS_DEPLOYMENT_TARGET = 17.4;
				LD_RUNPATH_SEARCH_PATHS = "@executable_path/Frameworks";
				"LD_RUNPATH_SEARCH_PATHS[sdk=macosx*]" = "@executable_path/../Frameworks";
				MACOSX_DEPLOYMENT_TARGET = 14.0;
				MARKETING_VERSION = 1.0;
				PRODUCT_BUNDLE_IDENTIFIER = com.aralarapps.PlayWatch;
				PRODUCT_NAME = "$(TARGET_NAME)";
				SDKROOT = auto;
				SUPPORTED_PLATFORMS = "iphoneos iphonesimulator macosx";
				SWIFT_EMIT_LOC_STRINGS = YES;
				SWIFT_VERSION = 5.0;
				TARGETED_DEVICE_FAMILY = "1,2";
			};
			name = Debug;
		};
		55212BD62BA7A0C600080A71 /* Release */ = {
			isa = XCBuildConfiguration;
			buildSettings = {
				ASSETCATALOG_COMPILER_APPICON_NAME = AppIcon;
				ASSETCATALOG_COMPILER_GLOBAL_ACCENT_COLOR_NAME = AccentColor;
				CODE_SIGN_ENTITLEMENTS = PlayWatch/PlayWatch.entitlements;
				CODE_SIGN_STYLE = Automatic;
				CURRENT_PROJECT_VERSION = 1;
				DEVELOPMENT_ASSET_PATHS = "\"PlayWatch/Preview Content\"";
				DEVELOPMENT_TEAM = 32C3Z2T4RE;
				ENABLE_HARDENED_RUNTIME = YES;
				ENABLE_PREVIEWS = YES;
				GENERATE_INFOPLIST_FILE = YES;
				"INFOPLIST_KEY_UIApplicationSceneManifest_Generation[sdk=iphoneos*]" = YES;
				"INFOPLIST_KEY_UIApplicationSceneManifest_Generation[sdk=iphonesimulator*]" = YES;
				"INFOPLIST_KEY_UIApplicationSupportsIndirectInputEvents[sdk=iphoneos*]" = YES;
				"INFOPLIST_KEY_UIApplicationSupportsIndirectInputEvents[sdk=iphonesimulator*]" = YES;
				"INFOPLIST_KEY_UILaunchScreen_Generation[sdk=iphoneos*]" = YES;
				"INFOPLIST_KEY_UILaunchScreen_Generation[sdk=iphonesimulator*]" = YES;
				"INFOPLIST_KEY_UIStatusBarStyle[sdk=iphoneos*]" = UIStatusBarStyleDefault;
				"INFOPLIST_KEY_UIStatusBarStyle[sdk=iphonesimulator*]" = UIStatusBarStyleDefault;
				INFOPLIST_KEY_UISupportedInterfaceOrientations_iPad = "UIInterfaceOrientationPortrait UIInterfaceOrientationPortraitUpsideDown UIInterfaceOrientationLandscapeLeft UIInterfaceOrientationLandscapeRight";
				INFOPLIST_KEY_UISupportedInterfaceOrientations_iPhone = "UIInterfaceOrientationPortrait UIInterfaceOrientationLandscapeLeft UIInterfaceOrientationLandscapeRight";
				IPHONEOS_DEPLOYMENT_TARGET = 17.4;
				LD_RUNPATH_SEARCH_PATHS = "@executable_path/Frameworks";
				"LD_RUNPATH_SEARCH_PATHS[sdk=macosx*]" = "@executable_path/../Frameworks";
				MACOSX_DEPLOYMENT_TARGET = 14.0;
				MARKETING_VERSION = 1.0;
				PRODUCT_BUNDLE_IDENTIFIER = com.aralarapps.PlayWatch;
				PRODUCT_NAME = "$(TARGET_NAME)";
				SDKROOT = auto;
				SUPPORTED_PLATFORMS = "iphoneos iphonesimulator macosx";
				SWIFT_EMIT_LOC_STRINGS = YES;
				SWIFT_VERSION = 5.0;
				TARGETED_DEVICE_FAMILY = "1,2";
			};
			name = Release;
		};
		55212BD82BA7A0C600080A71 /* Debug */ = {
			isa = XCBuildConfiguration;
			buildSettings = {
				ALWAYS_EMBED_SWIFT_STANDARD_LIBRARIES = YES;
				BUNDLE_LOADER = "$(TEST_HOST)";
				CODE_SIGN_STYLE = Automatic;
				CURRENT_PROJECT_VERSION = 1;
				DEVELOPMENT_TEAM = 32C3Z2T4RE;
				GENERATE_INFOPLIST_FILE = YES;
				IPHONEOS_DEPLOYMENT_TARGET = 17.4;
				MACOSX_DEPLOYMENT_TARGET = 14.4;
				MARKETING_VERSION = 1.0;
				PRODUCT_BUNDLE_IDENTIFIER = com.aralarapps.PlayWatchTests;
				PRODUCT_NAME = "$(TARGET_NAME)";
				SDKROOT = auto;
				SUPPORTED_PLATFORMS = "iphoneos iphonesimulator macosx";
				SWIFT_EMIT_LOC_STRINGS = NO;
				SWIFT_VERSION = 5.0;
				TARGETED_DEVICE_FAMILY = "1,2";
				TEST_HOST = "$(BUILT_PRODUCTS_DIR)/PlayWatch.app/$(BUNDLE_EXECUTABLE_FOLDER_PATH)/PlayWatch";
			};
			name = Debug;
		};
		55212BD92BA7A0C600080A71 /* Release */ = {
			isa = XCBuildConfiguration;
			buildSettings = {
				ALWAYS_EMBED_SWIFT_STANDARD_LIBRARIES = YES;
				BUNDLE_LOADER = "$(TEST_HOST)";
				CODE_SIGN_STYLE = Automatic;
				CURRENT_PROJECT_VERSION = 1;
				DEVELOPMENT_TEAM = 32C3Z2T4RE;
				GENERATE_INFOPLIST_FILE = YES;
				IPHONEOS_DEPLOYMENT_TARGET = 17.4;
				MACOSX_DEPLOYMENT_TARGET = 14.4;
				MARKETING_VERSION = 1.0;
				PRODUCT_BUNDLE_IDENTIFIER = com.aralarapps.PlayWatchTests;
				PRODUCT_NAME = "$(TARGET_NAME)";
				SDKROOT = auto;
				SUPPORTED_PLATFORMS = "iphoneos iphonesimulator macosx";
				SWIFT_EMIT_LOC_STRINGS = NO;
				SWIFT_VERSION = 5.0;
				TARGETED_DEVICE_FAMILY = "1,2";
				TEST_HOST = "$(BUILT_PRODUCTS_DIR)/PlayWatch.app/$(BUNDLE_EXECUTABLE_FOLDER_PATH)/PlayWatch";
			};
			name = Release;
		};
		55212BDB2BA7A0C600080A71 /* Debug */ = {
			isa = XCBuildConfiguration;
			buildSettings = {
				ALWAYS_EMBED_SWIFT_STANDARD_LIBRARIES = YES;
				CODE_SIGN_STYLE = Automatic;
				CURRENT_PROJECT_VERSION = 1;
				DEVELOPMENT_TEAM = 32C3Z2T4RE;
				GENERATE_INFOPLIST_FILE = YES;
				IPHONEOS_DEPLOYMENT_TARGET = 17.4;
				MACOSX_DEPLOYMENT_TARGET = 14.4;
				MARKETING_VERSION = 1.0;
				PRODUCT_BUNDLE_IDENTIFIER = com.aralarapps.PlayWatchUITests;
				PRODUCT_NAME = "$(TARGET_NAME)";
				SDKROOT = auto;
				SUPPORTED_PLATFORMS = "iphoneos iphonesimulator macosx";
				SWIFT_EMIT_LOC_STRINGS = NO;
				SWIFT_VERSION = 5.0;
				TARGETED_DEVICE_FAMILY = "1,2";
				TEST_TARGET_NAME = PlayWatch;
			};
			name = Debug;
		};
		55212BDC2BA7A0C600080A71 /* Release */ = {
			isa = XCBuildConfiguration;
			buildSettings = {
				ALWAYS_EMBED_SWIFT_STANDARD_LIBRARIES = YES;
				CODE_SIGN_STYLE = Automatic;
				CURRENT_PROJECT_VERSION = 1;
				DEVELOPMENT_TEAM = 32C3Z2T4RE;
				GENERATE_INFOPLIST_FILE = YES;
				IPHONEOS_DEPLOYMENT_TARGET = 17.4;
				MACOSX_DEPLOYMENT_TARGET = 14.4;
				MARKETING_VERSION = 1.0;
				PRODUCT_BUNDLE_IDENTIFIER = com.aralarapps.PlayWatchUITests;
				PRODUCT_NAME = "$(TARGET_NAME)";
				SDKROOT = auto;
				SUPPORTED_PLATFORMS = "iphoneos iphonesimulator macosx";
				SWIFT_EMIT_LOC_STRINGS = NO;
				SWIFT_VERSION = 5.0;
				TARGETED_DEVICE_FAMILY = "1,2";
				TEST_TARGET_NAME = PlayWatch;
			};
			name = Release;
		};
/* End XCBuildConfiguration section */

/* Begin XCConfigurationList section */
		55212BA82BA7A0C400080A71 /* Build configuration list for PBXProject "PlayWatch" */ = {
			isa = XCConfigurationList;
			buildConfigurations = (
				55212BD22BA7A0C600080A71 /* Debug */,
				55212BD32BA7A0C600080A71 /* Release */,
			);
			defaultConfigurationIsVisible = 0;
			defaultConfigurationName = Release;
		};
		55212BD42BA7A0C600080A71 /* Build configuration list for PBXNativeTarget "PlayWatch" */ = {
			isa = XCConfigurationList;
			buildConfigurations = (
				55212BD52BA7A0C600080A71 /* Debug */,
				55212BD62BA7A0C600080A71 /* Release */,
			);
			defaultConfigurationIsVisible = 0;
			defaultConfigurationName = Release;
		};
		55212BD72BA7A0C600080A71 /* Build configuration list for PBXNativeTarget "PlayWatchTests" */ = {
			isa = XCConfigurationList;
			buildConfigurations = (
				55212BD82BA7A0C600080A71 /* Debug */,
				55212BD92BA7A0C600080A71 /* Release */,
			);
			defaultConfigurationIsVisible = 0;
			defaultConfigurationName = Release;
		};
		55212BDA2BA7A0C600080A71 /* Build configuration list for PBXNativeTarget "PlayWatchUITests" */ = {
			isa = XCConfigurationList;
			buildConfigurations = (
				55212BDB2BA7A0C600080A71 /* Debug */,
				55212BDC2BA7A0C600080A71 /* Release */,
			);
			defaultConfigurationIsVisible = 0;
			defaultConfigurationName = Release;
		};
/* End XCConfigurationList section */
	};
	rootObject = 55212BA52BA7A0C400080A71 /* Project object */;
}
