// !$*UTF8*$!
{
	archiveVersion = 1;
	classes = {
	};
	objectVersion = 56;
	objects = {

/* Begin PBXBuildFile section */
		274B58742D1ACEF100420F6E /* MediaRequestConfig.swift in Sources */ = {isa = PBXBuildFile; fileRef = 274B58732D1ACEF100420F6E /* MediaRequestConfig.swift */; };
		27D7BC7A2D21C04300D022D5 /* GameRequestConfig.swift in Sources */ = {isa = PBXBuildFile; fileRef = 27D7BC792D21C04300D022D5 /* GameRequestConfig.swift */; };
		55034E922BE5317D00BCBD0E /* LocalizableTabBar.xcstrings in Resources */ = {isa = PBXBuildFile; fileRef = 55034E912BE5317D00BCBD0E /* LocalizableTabBar.xcstrings */; };
		55034E942BE5356000BCBD0E /* LocalizableHome.xcstrings in Resources */ = {isa = PBXBuildFile; fileRef = 55034E932BE5356000BCBD0E /* LocalizableHome.xcstrings */; };
		55034E962BE5384A00BCBD0E /* LocalizableString.swift in Sources */ = {isa = PBXBuildFile; fileRef = 55034E952BE5384A00BCBD0E /* LocalizableString.swift */; };
		55034E982BE53DF300BCBD0E /* LocalizableSettings.xcstrings in Resources */ = {isa = PBXBuildFile; fileRef = 55034E972BE53DF300BCBD0E /* LocalizableSettings.xcstrings */; };
		55077AD92BD2CD6600E9B681 /* CacheAsyncImage.swift in Sources */ = {isa = PBXBuildFile; fileRef = 55077AD82BD2CD6600E9B681 /* CacheAsyncImage.swift */; };
		55212BB12BA7A0C400080A71 /* PlayWatchApp.swift in Sources */ = {isa = PBXBuildFile; fileRef = 55212BB02BA7A0C400080A71 /* PlayWatchApp.swift */; };
		55212BB52BA7A0C400080A71 /* Item.swift in Sources */ = {isa = PBXBuildFile; fileRef = 55212BB42BA7A0C400080A71 /* Item.swift */; };
		55212BB72BA7A0C500080A71 /* Assets.xcassets in Resources */ = {isa = PBXBuildFile; fileRef = 55212BB62BA7A0C500080A71 /* Assets.xcassets */; };
		55212BBB2BA7A0C500080A71 /* Preview Assets.xcassets in Resources */ = {isa = PBXBuildFile; fileRef = 55212BBA2BA7A0C500080A71 /* Preview Assets.xcassets */; };
		5524A53C2D61FE1C0028C7E8 /* OpenAIModel.swift in Sources */ = {isa = PBXBuildFile; fileRef = 5524A53B2D61FE1C0028C7E8 /* OpenAIModel.swift */; };
		5524A53F2D6200A20028C7E8 /* DeepSeekModel.swift in Sources */ = {isa = PBXBuildFile; fileRef = 5524A53E2D6200A20028C7E8 /* DeepSeekModel.swift */; };
		5524A5412D6200FE0028C7E8 /* GeminiModel.swift in Sources */ = {isa = PBXBuildFile; fileRef = 5524A5402D6200FE0028C7E8 /* GeminiModel.swift */; };
		5524A5432D6202F50028C7E8 /* OpenAIOutput.swift in Sources */ = {isa = PBXBuildFile; fileRef = 5524A5422D6202F50028C7E8 /* OpenAIOutput.swift */; };
		5524A5452D6203320028C7E8 /* GeminiOutput.swift in Sources */ = {isa = PBXBuildFile; fileRef = 5524A5442D6203320028C7E8 /* GeminiOutput.swift */; };
		5524A5472D6205830028C7E8 /* OpenAISystemModel.swift in Sources */ = {isa = PBXBuildFile; fileRef = 5524A5462D6205830028C7E8 /* OpenAISystemModel.swift */; };
		5524A5492D624CCA0028C7E8 /* OpenAIModelCompatible.swift in Sources */ = {isa = PBXBuildFile; fileRef = 5524A5482D624CCA0028C7E8 /* OpenAIModelCompatible.swift */; };
		5524A54B2D625E9E0028C7E8 /* PromptType.swift in Sources */ = {isa = PBXBuildFile; fileRef = 5524A54A2D625E9E0028C7E8 /* PromptType.swift */; };
		5524A54F2D6B46D60028C7E8 /* AppViewModel+Preview.swift in Sources */ = {isa = PBXBuildFile; fileRef = 5524A54E2D6B46D60028C7E8 /* AppViewModel+Preview.swift */; };
		5524A5512D6B7C6D0028C7E8 /* SettingsUseCase.swift in Sources */ = {isa = PBXBuildFile; fileRef = 5524A5502D6B7C6D0028C7E8 /* SettingsUseCase.swift */; };
		5524A5532D6B7CED0028C7E8 /* SettingsModelLogic.swift in Sources */ = {isa = PBXBuildFile; fileRef = 5524A5522D6B7CED0028C7E8 /* SettingsModelLogic.swift */; };
		5524A5552D6B89BC0028C7E8 /* StorageRepository.swift in Sources */ = {isa = PBXBuildFile; fileRef = 5524A5542D6B89BC0028C7E8 /* StorageRepository.swift */; };
		55410B772CE0C5E600079680 /* MultiAIRepository.swift in Sources */ = {isa = PBXBuildFile; fileRef = 55410B762CE0C5E600079680 /* MultiAIRepository.swift */; };
		55410B7A2CE12C5200079680 /* OpenAIResponse.json in Resources */ = {isa = PBXBuildFile; fileRef = 55410B792CE12C5200079680 /* OpenAIResponse.json */; };
		55410B7B2CE12C5200079680 /* GeminiAIResponse.json in Resources */ = {isa = PBXBuildFile; fileRef = 55410B782CE12C5200079680 /* GeminiAIResponse.json */; };
		5549D57C2BC0738700B934CD /* OpenAIResponse.swift in Sources */ = {isa = PBXBuildFile; fileRef = 5549D57B2BC0738700B934CD /* OpenAIResponse.swift */; };
		5551A8262D10D05400AFC04A /* String+Errors.swift in Sources */ = {isa = PBXBuildFile; fileRef = 5551A8252D10D05400AFC04A /* String+Errors.swift */; };
		5551A82A2D11977700AFC04A /* Media.swift in Sources */ = {isa = PBXBuildFile; fileRef = 5551A8292D11977700AFC04A /* Media.swift */; };
		5551A82C2D11980400AFC04A /* MovieDBType.swift in Sources */ = {isa = PBXBuildFile; fileRef = 5551A82B2D11980400AFC04A /* MovieDBType.swift */; };
		5551A82E2D11983600AFC04A /* MediaDTO.swift in Sources */ = {isa = PBXBuildFile; fileRef = 5551A82D2D11983600AFC04A /* MediaDTO.swift */; };
		5551A8302D11985D00AFC04A /* MediaResponse.swift in Sources */ = {isa = PBXBuildFile; fileRef = 5551A82F2D11985D00AFC04A /* MediaResponse.swift */; };
		5551A8322D11AF1900AFC04A /* GameQuiz.swift in Sources */ = {isa = PBXBuildFile; fileRef = 5551A8312D11AF1900AFC04A /* GameQuiz.swift */; };
		5551A8362D11B59700AFC04A /* MediaSection.swift in Sources */ = {isa = PBXBuildFile; fileRef = 5551A8352D11B59700AFC04A /* MediaSection.swift */; };
		555B26E32C1CC49400B789A1 /* Bool+Extensions.swift in Sources */ = {isa = PBXBuildFile; fileRef = 555B26E22C1CC49400B789A1 /* Bool+Extensions.swift */; };
		555C8D1E2D0CA6F400B175E5 /* MediaCardView.swift in Sources */ = {isa = PBXBuildFile; fileRef = 555C8D1D2D0CA6F400B175E5 /* MediaCardView.swift */; };
		555F69D82BF68931000DF9B9 /* Quiz.swift in Sources */ = {isa = PBXBuildFile; fileRef = 555F69D72BF68931000DF9B9 /* Quiz.swift */; };
		55651E152D0F463E00ABD48B /* Data+Extensions.swift in Sources */ = {isa = PBXBuildFile; fileRef = 55651E142D0F463E00ABD48B /* Data+Extensions.swift */; };
		55651E172D0F49DF00ABD48B /* URL+Extensions.swift in Sources */ = {isa = PBXBuildFile; fileRef = 55651E162D0F49DF00ABD48B /* URL+Extensions.swift */; };
		55651E192D0F581900ABD48B /* URLResponse+HTTP.swift in Sources */ = {isa = PBXBuildFile; fileRef = 55651E182D0F581900ABD48B /* URLResponse+HTTP.swift */; };
		55651E1B2D0F584C00ABD48B /* HTTPURLResponse+Success.swift in Sources */ = {isa = PBXBuildFile; fileRef = 55651E1A2D0F584C00ABD48B /* HTTPURLResponse+Success.swift */; };
		5576C3AE2BB9B13F00E511DE /* Constants.swift in Sources */ = {isa = PBXBuildFile; fileRef = 5576C3AD2BB9B13F00E511DE /* Constants.swift */; };
		5576C3B02BB9C10D00E511DE /* API.swift in Sources */ = {isa = PBXBuildFile; fileRef = 5576C3AF2BB9C10D00E511DE /* API.swift */; };
		5576C3B22BB9C7C300E511DE /* APIKey-Info.plist in Resources */ = {isa = PBXBuildFile; fileRef = 5576C3B12BB9C7C300E511DE /* APIKey-Info.plist */; };
		557712FB2D29A64700302F8A /* URLRequest+Extensions.swift in Sources */ = {isa = PBXBuildFile; fileRef = 557712FA2D29A64700302F8A /* URLRequest+Extensions.swift */; };
		557713082D2ACF3B00302F8A /* AppLanguage.swift in Sources */ = {isa = PBXBuildFile; fileRef = 557713072D2ACF3B00302F8A /* AppLanguage.swift */; };
		5577130A2D2ACF4B00302F8A /* AppRegion.swift in Sources */ = {isa = PBXBuildFile; fileRef = 557713092D2ACF4B00302F8A /* AppRegion.swift */; };
		557713112D2AEA6500302F8A /* API+Errors.swift in Sources */ = {isa = PBXBuildFile; fileRef = 557713102D2AEA6500302F8A /* API+Errors.swift */; };
		557713162D32C31800302F8A /* Dictionary+HTTPHeaders.swift in Sources */ = {isa = PBXBuildFile; fileRef = 557713152D32C31800302F8A /* Dictionary+HTTPHeaders.swift */; };
		5577132A2D45361F00302F8A /* OpenAIBody.swift in Sources */ = {isa = PBXBuildFile; fileRef = 557713292D45361F00302F8A /* OpenAIBody.swift */; };
		5577132C2D453BB800302F8A /* GeminiBody.swift in Sources */ = {isa = PBXBuildFile; fileRef = 5577132B2D453BB800302F8A /* GeminiBody.swift */; };
		5577132E2D47E00C00302F8A /* BaseEndpoint.swift in Sources */ = {isa = PBXBuildFile; fileRef = 5577132D2D47E00C00302F8A /* BaseEndpoint.swift */; };
		557713302D47E09A00302F8A /* MediaEndpoints.swift in Sources */ = {isa = PBXBuildFile; fileRef = 5577132F2D47E09A00302F8A /* MediaEndpoints.swift */; };
		557713322D47E14100302F8A /* AIEndpoints.swift in Sources */ = {isa = PBXBuildFile; fileRef = 557713312D47E14100302F8A /* AIEndpoints.swift */; };
		557713352D47FE8F00302F8A /* MovieDBConstants.swift in Sources */ = {isa = PBXBuildFile; fileRef = 557713342D47FE8F00302F8A /* MovieDBConstants.swift */; };
		557713372D480A4700302F8A /* MediaFetchType.swift in Sources */ = {isa = PBXBuildFile; fileRef = 557713362D480A4700302F8A /* MediaFetchType.swift */; };
		557713392D480C4A00302F8A /* MovieDBUtils.swift in Sources */ = {isa = PBXBuildFile; fileRef = 557713382D480C4A00302F8A /* MovieDBUtils.swift */; };
		5577133B2D480E3400302F8A /* MediaLocale.swift in Sources */ = {isa = PBXBuildFile; fileRef = 5577133A2D480E3400302F8A /* MediaLocale.swift */; };
		5577133E2D4965E000302F8A /* MovieDBSorting.swift in Sources */ = {isa = PBXBuildFile; fileRef = 5577133D2D4965E000302F8A /* MovieDBSorting.swift */; };
		557713402D4969E100302F8A /* MovieDBImageSize.swift in Sources */ = {isa = PBXBuildFile; fileRef = 5577133F2D4969E100302F8A /* MovieDBImageSize.swift */; };
		557F55642BE425DE00EEAA2F /* Localizable.xcstrings in Resources */ = {isa = PBXBuildFile; fileRef = 557F55632BE425DE00EEAA2F /* Localizable.xcstrings */; };
		557F55662BE4267B00EEAA2F /* SettingsView.swift in Sources */ = {isa = PBXBuildFile; fileRef = 557F55652BE4267B00EEAA2F /* SettingsView.swift */; };
		55802B852D134B0500C78317 /* PlayWatchTests.swift in Sources */ = {isa = PBXBuildFile; fileRef = 55802B832D134B0500C78317 /* PlayWatchTests.swift */; };
		55802B872D145AA300C78317 /* MovieDBRepositoryPreview.swift in Sources */ = {isa = PBXBuildFile; fileRef = 55802B862D145AA300C78317 /* MovieDBRepositoryPreview.swift */; };
		55802B892D145BD100C78317 /* MultiAIRepositoryPreview.swift in Sources */ = {isa = PBXBuildFile; fileRef = 55802B882D145BD100C78317 /* MultiAIRepositoryPreview.swift */; };
		55802B8B2D14601000C78317 /* AppViewModel.swift in Sources */ = {isa = PBXBuildFile; fileRef = 55802B8A2D14601000C78317 /* AppViewModel.swift */; };
		55802B8E2D146A8300C78317 /* HomeModelLogic.swift in Sources */ = {isa = PBXBuildFile; fileRef = 55802B8D2D146A8300C78317 /* HomeModelLogic.swift */; };
		55802B902D146A9C00C78317 /* GameModelLogic.swift in Sources */ = {isa = PBXBuildFile; fileRef = 55802B8F2D146A9C00C78317 /* GameModelLogic.swift */; };
		5581067D2C00F75300D7A96D /* EnvironmentValues+ScreenSize.swift in Sources */ = {isa = PBXBuildFile; fileRef = 5581067C2C00F75300D7A96D /* EnvironmentValues+ScreenSize.swift */; };
		558F1C582D4E9AD70087DE99 /* AIServer.swift in Sources */ = {isa = PBXBuildFile; fileRef = 558F1C572D4E9AD70087DE99 /* AIServer.swift */; };
		558F1C5B2D4EA35B0087DE99 /* AIResponseDecoder.swift in Sources */ = {isa = PBXBuildFile; fileRef = 558F1C5A2D4EA35B0087DE99 /* AIResponseDecoder.swift */; };
		558F1C5D2D4EA8680087DE99 /* AIServer+Preview.swift in Sources */ = {isa = PBXBuildFile; fileRef = 558F1C5C2D4EA8680087DE99 /* AIServer+Preview.swift */; };
		558F1C5F2D4EA8930087DE99 /* PreviewConstants.swift in Sources */ = {isa = PBXBuildFile; fileRef = 558F1C5E2D4EA8930087DE99 /* PreviewConstants.swift */; };
		558F1C612D4EA96F0087DE99 /* MediaFetchType+Preview.swift in Sources */ = {isa = PBXBuildFile; fileRef = 558F1C602D4EA96F0087DE99 /* MediaFetchType+Preview.swift */; };
		558F1C632D4F803B0087DE99 /* Game+Errors.swift in Sources */ = {isa = PBXBuildFile; fileRef = 558F1C622D4F803B0087DE99 /* Game+Errors.swift */; };
		558F1C652D4F81340087DE99 /* GameConfig.swift in Sources */ = {isa = PBXBuildFile; fileRef = 558F1C642D4F81340087DE99 /* GameConfig.swift */; };
		558F1C672D4F83B50087DE99 /* PromptGenerator.swift in Sources */ = {isa = PBXBuildFile; fileRef = 558F1C662D4F83B50087DE99 /* PromptGenerator.swift */; };
		55AFE6082BD5160E0015E411 /* Date+Extensions.swift in Sources */ = {isa = PBXBuildFile; fileRef = 55AFE6072BD5160E0015E411 /* Date+Extensions.swift */; };
		55AFE60C2BD520E20015E411 /* GameView.swift in Sources */ = {isa = PBXBuildFile; fileRef = 55AFE60B2BD520E20015E411 /* GameView.swift */; };
		55AFE60E2BD5C51F0015E411 /* SearchView.swift in Sources */ = {isa = PBXBuildFile; fileRef = 55AFE60D2BD5C51E0015E411 /* SearchView.swift */; };
		55B0C1632CCA9236002C563F /* Movies.json in Resources */ = {isa = PBXBuildFile; fileRef = 55B0C1622CCA9236002C563F /* Movies.json */; };
		55B0C1652CCA923C002C563F /* TVShows.json in Resources */ = {isa = PBXBuildFile; fileRef = 55B0C1642CCA923C002C563F /* TVShows.json */; };
		55B0C1672CCA9241002C563F /* People.json in Resources */ = {isa = PBXBuildFile; fileRef = 55B0C1662CCA9241002C563F /* People.json */; };
		55B0C1692CCA9244002C563F /* All.json in Resources */ = {isa = PBXBuildFile; fileRef = 55B0C1682CCA9244002C563F /* All.json */; };
		55B0C16F2CCAA86D002C563F /* MovieDBRepository.swift in Sources */ = {isa = PBXBuildFile; fileRef = 55B0C16E2CCAA86D002C563F /* MovieDBRepository.swift */; };
		55B0C1712CCBE7C9002C563F /* JSONDecoder+SnakeCase.swift in Sources */ = {isa = PBXBuildFile; fileRef = 55B0C1702CCBE7C9002C563F /* JSONDecoder+SnakeCase.swift */; };
		55B2540F2BC29ACC006ACD43 /* HTTP.swift in Sources */ = {isa = PBXBuildFile; fileRef = 55B2540E2BC29ACC006ACD43 /* HTTP.swift */; };
		55B254112BC2AD47006ACD43 /* GeminiResponse.swift in Sources */ = {isa = PBXBuildFile; fileRef = 55B254102BC2AD47006ACD43 /* GeminiResponse.swift */; };
		55C3F1912C6E3140006DE59B /* EventHandler.swift in Sources */ = {isa = PBXBuildFile; fileRef = 55C3F1902C6E3140006DE59B /* EventHandler.swift */; };
		55D425CB2BCC4669001FA57C /* Tab.swift in Sources */ = {isa = PBXBuildFile; fileRef = 55D425CA2BCC4669001FA57C /* Tab.swift */; };
		55D425CF2BCC4AFF001FA57C /* TabBarView.swift in Sources */ = {isa = PBXBuildFile; fileRef = 55D425CE2BCC4AFF001FA57C /* TabBarView.swift */; };
		55D425D12BCC4C3C001FA57C /* HomeView.swift in Sources */ = {isa = PBXBuildFile; fileRef = 55D425D02BCC4C3C001FA57C /* HomeView.swift */; };
		55D73FE32BCDB2A600F337FC /* TabShape.swift in Sources */ = {isa = PBXBuildFile; fileRef = 55D73FE22BCDB2A600F337FC /* TabShape.swift */; };
		55D73FE52BCDB5E700F337FC /* TabPosition.swift in Sources */ = {isa = PBXBuildFile; fileRef = 55D73FE42BCDB5E700F337FC /* TabPosition.swift */; };
		55D841642CD7946B006349C4 /* MediaUseCase.swift in Sources */ = {isa = PBXBuildFile; fileRef = 55D841632CD7946B006349C4 /* MediaUseCase.swift */; };
		55D8416A2CD79889006349C4 /* GameUseCase.swift in Sources */ = {isa = PBXBuildFile; fileRef = 55D841692CD79889006349C4 /* GameUseCase.swift */; };
		55E4CC802BCA9A050048EF56 /* String+Extensions.swift in Sources */ = {isa = PBXBuildFile; fileRef = 55E4CC7F2BCA9A050048EF56 /* String+Extensions.swift */; };
		55E4CC822BCADB2C0048EF56 /* Color+Extensions.swift in Sources */ = {isa = PBXBuildFile; fileRef = 55E4CC812BCADB2C0048EF56 /* Color+Extensions.swift */; };
		55E51A3C2BDEB1FF00A8541B /* FavoritesView.swift in Sources */ = {isa = PBXBuildFile; fileRef = 55E51A3B2BDEB1FF00A8541B /* FavoritesView.swift */; };
/* End PBXBuildFile section */

/* Begin PBXContainerItemProxy section */
		552CA67E2D0DD8EF005FA521 /* PBXContainerItemProxy */ = {
			isa = PBXContainerItemProxy;
			containerPortal = 55212BA52BA7A0C400080A71 /* Project object */;
			proxyType = 1;
			remoteGlobalIDString = 55212BAC2BA7A0C400080A71;
			remoteInfo = PlayWatch;
		};
/* End PBXContainerItemProxy section */

/* Begin PBXFileReference section */
		274B58732D1ACEF100420F6E /* MediaRequestConfig.swift */ = {isa = PBXFileReference; lastKnownFileType = sourcecode.swift; path = MediaRequestConfig.swift; sourceTree = "<group>"; };
		27D7BC792D21C04300D022D5 /* GameRequestConfig.swift */ = {isa = PBXFileReference; lastKnownFileType = sourcecode.swift; path = GameRequestConfig.swift; sourceTree = "<group>"; };
		55034E912BE5317D00BCBD0E /* LocalizableTabBar.xcstrings */ = {isa = PBXFileReference; lastKnownFileType = text.json.xcstrings; path = LocalizableTabBar.xcstrings; sourceTree = "<group>"; };
		55034E932BE5356000BCBD0E /* LocalizableHome.xcstrings */ = {isa = PBXFileReference; lastKnownFileType = text.json.xcstrings; path = LocalizableHome.xcstrings; sourceTree = "<group>"; };
		55034E952BE5384A00BCBD0E /* LocalizableString.swift */ = {isa = PBXFileReference; lastKnownFileType = sourcecode.swift; path = LocalizableString.swift; sourceTree = "<group>"; };
		55034E972BE53DF300BCBD0E /* LocalizableSettings.xcstrings */ = {isa = PBXFileReference; lastKnownFileType = text.json.xcstrings; path = LocalizableSettings.xcstrings; sourceTree = "<group>"; };
		55077AD82BD2CD6600E9B681 /* CacheAsyncImage.swift */ = {isa = PBXFileReference; lastKnownFileType = sourcecode.swift; path = CacheAsyncImage.swift; sourceTree = "<group>"; };
		55212BAD2BA7A0C400080A71 /* PlayWatch.app */ = {isa = PBXFileReference; explicitFileType = wrapper.application; includeInIndex = 0; path = PlayWatch.app; sourceTree = BUILT_PRODUCTS_DIR; };
		55212BB02BA7A0C400080A71 /* PlayWatchApp.swift */ = {isa = PBXFileReference; lastKnownFileType = sourcecode.swift; path = PlayWatchApp.swift; sourceTree = "<group>"; };
		55212BB42BA7A0C400080A71 /* Item.swift */ = {isa = PBXFileReference; lastKnownFileType = sourcecode.swift; path = Item.swift; sourceTree = "<group>"; };
		55212BB62BA7A0C500080A71 /* Assets.xcassets */ = {isa = PBXFileReference; lastKnownFileType = folder.assetcatalog; path = Assets.xcassets; sourceTree = "<group>"; };
		55212BB82BA7A0C500080A71 /* PlayWatch.entitlements */ = {isa = PBXFileReference; lastKnownFileType = text.plist.entitlements; path = PlayWatch.entitlements; sourceTree = "<group>"; };
		55212BBA2BA7A0C500080A71 /* Preview Assets.xcassets */ = {isa = PBXFileReference; lastKnownFileType = folder.assetcatalog; path = "Preview Assets.xcassets"; sourceTree = "<group>"; };
		5524A53B2D61FE1C0028C7E8 /* OpenAIModel.swift */ = {isa = PBXFileReference; lastKnownFileType = sourcecode.swift; path = OpenAIModel.swift; sourceTree = "<group>"; };
		5524A53E2D6200A20028C7E8 /* DeepSeekModel.swift */ = {isa = PBXFileReference; lastKnownFileType = sourcecode.swift; path = DeepSeekModel.swift; sourceTree = "<group>"; };
		5524A5402D6200FE0028C7E8 /* GeminiModel.swift */ = {isa = PBXFileReference; lastKnownFileType = sourcecode.swift; path = GeminiModel.swift; sourceTree = "<group>"; };
		5524A5422D6202F50028C7E8 /* OpenAIOutput.swift */ = {isa = PBXFileReference; lastKnownFileType = sourcecode.swift; path = OpenAIOutput.swift; sourceTree = "<group>"; };
		5524A5442D6203320028C7E8 /* GeminiOutput.swift */ = {isa = PBXFileReference; lastKnownFileType = sourcecode.swift; path = GeminiOutput.swift; sourceTree = "<group>"; };
		5524A5462D6205830028C7E8 /* OpenAISystemModel.swift */ = {isa = PBXFileReference; lastKnownFileType = sourcecode.swift; path = OpenAISystemModel.swift; sourceTree = "<group>"; };
		5524A5482D624CCA0028C7E8 /* OpenAIModelCompatible.swift */ = {isa = PBXFileReference; lastKnownFileType = sourcecode.swift; path = OpenAIModelCompatible.swift; sourceTree = "<group>"; };
		5524A54A2D625E9E0028C7E8 /* PromptType.swift */ = {isa = PBXFileReference; lastKnownFileType = sourcecode.swift; path = PromptType.swift; sourceTree = "<group>"; };
		5524A54E2D6B46D60028C7E8 /* AppViewModel+Preview.swift */ = {isa = PBXFileReference; lastKnownFileType = sourcecode.swift; path = "AppViewModel+Preview.swift"; sourceTree = "<group>"; };
		5524A5502D6B7C6D0028C7E8 /* SettingsUseCase.swift */ = {isa = PBXFileReference; lastKnownFileType = sourcecode.swift; path = SettingsUseCase.swift; sourceTree = "<group>"; };
		5524A5522D6B7CED0028C7E8 /* SettingsModelLogic.swift */ = {isa = PBXFileReference; lastKnownFileType = sourcecode.swift; path = SettingsModelLogic.swift; sourceTree = "<group>"; };
		5524A5542D6B89BC0028C7E8 /* StorageRepository.swift */ = {isa = PBXFileReference; lastKnownFileType = sourcecode.swift; path = StorageRepository.swift; sourceTree = "<group>"; };
		552CA67A2D0DD8EF005FA521 /* PlayWatchTests.xctest */ = {isa = PBXFileReference; explicitFileType = wrapper.cfbundle; includeInIndex = 0; path = PlayWatchTests.xctest; sourceTree = BUILT_PRODUCTS_DIR; };
		55410B762CE0C5E600079680 /* MultiAIRepository.swift */ = {isa = PBXFileReference; lastKnownFileType = sourcecode.swift; path = MultiAIRepository.swift; sourceTree = "<group>"; };
		55410B782CE12C5200079680 /* GeminiAIResponse.json */ = {isa = PBXFileReference; lastKnownFileType = text.json; path = GeminiAIResponse.json; sourceTree = "<group>"; };
		55410B792CE12C5200079680 /* OpenAIResponse.json */ = {isa = PBXFileReference; lastKnownFileType = text.json; path = OpenAIResponse.json; sourceTree = "<group>"; };
		5549D57B2BC0738700B934CD /* OpenAIResponse.swift */ = {isa = PBXFileReference; lastKnownFileType = sourcecode.swift; path = OpenAIResponse.swift; sourceTree = "<group>"; };
		5551A8252D10D05400AFC04A /* String+Errors.swift */ = {isa = PBXFileReference; lastKnownFileType = sourcecode.swift; path = "String+Errors.swift"; sourceTree = "<group>"; };
		5551A8292D11977700AFC04A /* Media.swift */ = {isa = PBXFileReference; lastKnownFileType = sourcecode.swift; path = Media.swift; sourceTree = "<group>"; };
		5551A82B2D11980400AFC04A /* MovieDBType.swift */ = {isa = PBXFileReference; lastKnownFileType = sourcecode.swift; path = MovieDBType.swift; sourceTree = "<group>"; };
		5551A82D2D11983600AFC04A /* MediaDTO.swift */ = {isa = PBXFileReference; lastKnownFileType = sourcecode.swift; path = MediaDTO.swift; sourceTree = "<group>"; };
		5551A82F2D11985D00AFC04A /* MediaResponse.swift */ = {isa = PBXFileReference; lastKnownFileType = sourcecode.swift; path = MediaResponse.swift; sourceTree = "<group>"; };
		5551A8312D11AF1900AFC04A /* GameQuiz.swift */ = {isa = PBXFileReference; lastKnownFileType = sourcecode.swift; path = GameQuiz.swift; sourceTree = "<group>"; };
		5551A8352D11B59700AFC04A /* MediaSection.swift */ = {isa = PBXFileReference; lastKnownFileType = sourcecode.swift; path = MediaSection.swift; sourceTree = "<group>"; };
		555B26E22C1CC49400B789A1 /* Bool+Extensions.swift */ = {isa = PBXFileReference; lastKnownFileType = sourcecode.swift; path = "Bool+Extensions.swift"; sourceTree = "<group>"; };
		555C8D1D2D0CA6F400B175E5 /* MediaCardView.swift */ = {isa = PBXFileReference; lastKnownFileType = sourcecode.swift; path = MediaCardView.swift; sourceTree = "<group>"; };
		555F69D72BF68931000DF9B9 /* Quiz.swift */ = {isa = PBXFileReference; lastKnownFileType = sourcecode.swift; path = Quiz.swift; sourceTree = "<group>"; };
		55651E142D0F463E00ABD48B /* Data+Extensions.swift */ = {isa = PBXFileReference; lastKnownFileType = sourcecode.swift; path = "Data+Extensions.swift"; sourceTree = "<group>"; };
		55651E162D0F49DF00ABD48B /* URL+Extensions.swift */ = {isa = PBXFileReference; lastKnownFileType = sourcecode.swift; path = "URL+Extensions.swift"; sourceTree = "<group>"; };
		55651E182D0F581900ABD48B /* URLResponse+HTTP.swift */ = {isa = PBXFileReference; lastKnownFileType = sourcecode.swift; path = "URLResponse+HTTP.swift"; sourceTree = "<group>"; };
		55651E1A2D0F584C00ABD48B /* HTTPURLResponse+Success.swift */ = {isa = PBXFileReference; lastKnownFileType = sourcecode.swift; path = "HTTPURLResponse+Success.swift"; sourceTree = "<group>"; };
		5576C3AD2BB9B13F00E511DE /* Constants.swift */ = {isa = PBXFileReference; lastKnownFileType = sourcecode.swift; path = Constants.swift; sourceTree = "<group>"; };
		5576C3AF2BB9C10D00E511DE /* API.swift */ = {isa = PBXFileReference; lastKnownFileType = sourcecode.swift; path = API.swift; sourceTree = "<group>"; };
		5576C3B12BB9C7C300E511DE /* APIKey-Info.plist */ = {isa = PBXFileReference; lastKnownFileType = text.plist.xml; path = "APIKey-Info.plist"; sourceTree = "<group>"; };
		557712FA2D29A64700302F8A /* URLRequest+Extensions.swift */ = {isa = PBXFileReference; lastKnownFileType = sourcecode.swift; path = "URLRequest+Extensions.swift"; sourceTree = "<group>"; };
		557713072D2ACF3B00302F8A /* AppLanguage.swift */ = {isa = PBXFileReference; lastKnownFileType = sourcecode.swift; path = AppLanguage.swift; sourceTree = "<group>"; };
		557713092D2ACF4B00302F8A /* AppRegion.swift */ = {isa = PBXFileReference; lastKnownFileType = sourcecode.swift; path = AppRegion.swift; sourceTree = "<group>"; };
		557713102D2AEA6500302F8A /* API+Errors.swift */ = {isa = PBXFileReference; lastKnownFileType = sourcecode.swift; path = "API+Errors.swift"; sourceTree = "<group>"; };
		557713152D32C31800302F8A /* Dictionary+HTTPHeaders.swift */ = {isa = PBXFileReference; lastKnownFileType = sourcecode.swift; path = "Dictionary+HTTPHeaders.swift"; sourceTree = "<group>"; };
		557713292D45361F00302F8A /* OpenAIBody.swift */ = {isa = PBXFileReference; lastKnownFileType = sourcecode.swift; path = OpenAIBody.swift; sourceTree = "<group>"; };
		5577132B2D453BB800302F8A /* GeminiBody.swift */ = {isa = PBXFileReference; lastKnownFileType = sourcecode.swift; path = GeminiBody.swift; sourceTree = "<group>"; };
		5577132D2D47E00C00302F8A /* BaseEndpoint.swift */ = {isa = PBXFileReference; lastKnownFileType = sourcecode.swift; path = BaseEndpoint.swift; sourceTree = "<group>"; };
		5577132F2D47E09A00302F8A /* MediaEndpoints.swift */ = {isa = PBXFileReference; lastKnownFileType = sourcecode.swift; path = MediaEndpoints.swift; sourceTree = "<group>"; };
		557713312D47E14100302F8A /* AIEndpoints.swift */ = {isa = PBXFileReference; lastKnownFileType = sourcecode.swift; path = AIEndpoints.swift; sourceTree = "<group>"; };
		557713342D47FE8F00302F8A /* MovieDBConstants.swift */ = {isa = PBXFileReference; lastKnownFileType = sourcecode.swift; path = MovieDBConstants.swift; sourceTree = "<group>"; };
		557713362D480A4700302F8A /* MediaFetchType.swift */ = {isa = PBXFileReference; lastKnownFileType = sourcecode.swift; path = MediaFetchType.swift; sourceTree = "<group>"; };
		557713382D480C4A00302F8A /* MovieDBUtils.swift */ = {isa = PBXFileReference; lastKnownFileType = sourcecode.swift; path = MovieDBUtils.swift; sourceTree = "<group>"; };
		5577133A2D480E3400302F8A /* MediaLocale.swift */ = {isa = PBXFileReference; lastKnownFileType = sourcecode.swift; path = MediaLocale.swift; sourceTree = "<group>"; };
		5577133D2D4965E000302F8A /* MovieDBSorting.swift */ = {isa = PBXFileReference; lastKnownFileType = sourcecode.swift; path = MovieDBSorting.swift; sourceTree = "<group>"; };
		5577133F2D4969E100302F8A /* MovieDBImageSize.swift */ = {isa = PBXFileReference; lastKnownFileType = sourcecode.swift; path = MovieDBImageSize.swift; sourceTree = "<group>"; };
		557F55632BE425DE00EEAA2F /* Localizable.xcstrings */ = {isa = PBXFileReference; lastKnownFileType = text.json.xcstrings; path = Localizable.xcstrings; sourceTree = "<group>"; };
		557F55652BE4267B00EEAA2F /* SettingsView.swift */ = {isa = PBXFileReference; lastKnownFileType = sourcecode.swift; path = SettingsView.swift; sourceTree = "<group>"; };
		55802B832D134B0500C78317 /* PlayWatchTests.swift */ = {isa = PBXFileReference; lastKnownFileType = sourcecode.swift; path = PlayWatchTests.swift; sourceTree = "<group>"; };
		55802B862D145AA300C78317 /* MovieDBRepositoryPreview.swift */ = {isa = PBXFileReference; lastKnownFileType = sourcecode.swift; path = MovieDBRepositoryPreview.swift; sourceTree = "<group>"; };
		55802B882D145BD100C78317 /* MultiAIRepositoryPreview.swift */ = {isa = PBXFileReference; lastKnownFileType = sourcecode.swift; path = MultiAIRepositoryPreview.swift; sourceTree = "<group>"; };
		55802B8A2D14601000C78317 /* AppViewModel.swift */ = {isa = PBXFileReference; lastKnownFileType = sourcecode.swift; path = AppViewModel.swift; sourceTree = "<group>"; };
		55802B8D2D146A8300C78317 /* HomeModelLogic.swift */ = {isa = PBXFileReference; lastKnownFileType = sourcecode.swift; path = HomeModelLogic.swift; sourceTree = "<group>"; };
		55802B8F2D146A9C00C78317 /* GameModelLogic.swift */ = {isa = PBXFileReference; lastKnownFileType = sourcecode.swift; path = GameModelLogic.swift; sourceTree = "<group>"; };
		5581067C2C00F75300D7A96D /* EnvironmentValues+ScreenSize.swift */ = {isa = PBXFileReference; lastKnownFileType = sourcecode.swift; path = "EnvironmentValues+ScreenSize.swift"; sourceTree = "<group>"; };
		558F1C572D4E9AD70087DE99 /* AIServer.swift */ = {isa = PBXFileReference; lastKnownFileType = sourcecode.swift; path = AIServer.swift; sourceTree = "<group>"; };
		558F1C5A2D4EA35B0087DE99 /* AIResponseDecoder.swift */ = {isa = PBXFileReference; lastKnownFileType = sourcecode.swift; path = AIResponseDecoder.swift; sourceTree = "<group>"; };
		558F1C5C2D4EA8680087DE99 /* AIServer+Preview.swift */ = {isa = PBXFileReference; lastKnownFileType = sourcecode.swift; path = "AIServer+Preview.swift"; sourceTree = "<group>"; };
		558F1C5E2D4EA8930087DE99 /* PreviewConstants.swift */ = {isa = PBXFileReference; lastKnownFileType = sourcecode.swift; path = PreviewConstants.swift; sourceTree = "<group>"; };
		558F1C602D4EA96F0087DE99 /* MediaFetchType+Preview.swift */ = {isa = PBXFileReference; lastKnownFileType = sourcecode.swift; path = "MediaFetchType+Preview.swift"; sourceTree = "<group>"; };
		558F1C622D4F803B0087DE99 /* Game+Errors.swift */ = {isa = PBXFileReference; lastKnownFileType = sourcecode.swift; path = "Game+Errors.swift"; sourceTree = "<group>"; };
		558F1C642D4F81340087DE99 /* GameConfig.swift */ = {isa = PBXFileReference; lastKnownFileType = sourcecode.swift; path = GameConfig.swift; sourceTree = "<group>"; };
		558F1C662D4F83B50087DE99 /* PromptGenerator.swift */ = {isa = PBXFileReference; lastKnownFileType = sourcecode.swift; path = PromptGenerator.swift; sourceTree = "<group>"; };
		55AFE6072BD5160E0015E411 /* Date+Extensions.swift */ = {isa = PBXFileReference; lastKnownFileType = sourcecode.swift; path = "Date+Extensions.swift"; sourceTree = "<group>"; };
		55AFE60B2BD520E20015E411 /* GameView.swift */ = {isa = PBXFileReference; lastKnownFileType = sourcecode.swift; path = GameView.swift; sourceTree = "<group>"; };
		55AFE60D2BD5C51E0015E411 /* SearchView.swift */ = {isa = PBXFileReference; lastKnownFileType = sourcecode.swift; path = SearchView.swift; sourceTree = "<group>"; };
		55B0C1622CCA9236002C563F /* Movies.json */ = {isa = PBXFileReference; lastKnownFileType = text.json; path = Movies.json; sourceTree = "<group>"; };
		55B0C1642CCA923C002C563F /* TVShows.json */ = {isa = PBXFileReference; lastKnownFileType = text.json; path = TVShows.json; sourceTree = "<group>"; };
		55B0C1662CCA9241002C563F /* People.json */ = {isa = PBXFileReference; lastKnownFileType = text.json; path = People.json; sourceTree = "<group>"; };
		55B0C1682CCA9244002C563F /* All.json */ = {isa = PBXFileReference; lastKnownFileType = text.json; path = All.json; sourceTree = "<group>"; };
		55B0C16E2CCAA86D002C563F /* MovieDBRepository.swift */ = {isa = PBXFileReference; lastKnownFileType = sourcecode.swift; path = MovieDBRepository.swift; sourceTree = "<group>"; };
		55B0C1702CCBE7C9002C563F /* JSONDecoder+SnakeCase.swift */ = {isa = PBXFileReference; lastKnownFileType = sourcecode.swift; path = "JSONDecoder+SnakeCase.swift"; sourceTree = "<group>"; };
		55B2540E2BC29ACC006ACD43 /* HTTP.swift */ = {isa = PBXFileReference; lastKnownFileType = sourcecode.swift; path = HTTP.swift; sourceTree = "<group>"; };
		55B254102BC2AD47006ACD43 /* GeminiResponse.swift */ = {isa = PBXFileReference; lastKnownFileType = sourcecode.swift; path = GeminiResponse.swift; sourceTree = "<group>"; };
		55C3F1902C6E3140006DE59B /* EventHandler.swift */ = {isa = PBXFileReference; lastKnownFileType = sourcecode.swift; path = EventHandler.swift; sourceTree = "<group>"; };
		55D425CA2BCC4669001FA57C /* Tab.swift */ = {isa = PBXFileReference; lastKnownFileType = sourcecode.swift; path = Tab.swift; sourceTree = "<group>"; };
		55D425CE2BCC4AFF001FA57C /* TabBarView.swift */ = {isa = PBXFileReference; lastKnownFileType = sourcecode.swift; path = TabBarView.swift; sourceTree = "<group>"; };
		55D425D02BCC4C3C001FA57C /* HomeView.swift */ = {isa = PBXFileReference; lastKnownFileType = sourcecode.swift; path = HomeView.swift; sourceTree = "<group>"; };
		55D73FE22BCDB2A600F337FC /* TabShape.swift */ = {isa = PBXFileReference; lastKnownFileType = sourcecode.swift; path = TabShape.swift; sourceTree = "<group>"; };
		55D73FE42BCDB5E700F337FC /* TabPosition.swift */ = {isa = PBXFileReference; lastKnownFileType = sourcecode.swift; path = TabPosition.swift; sourceTree = "<group>"; };
		55D841632CD7946B006349C4 /* MediaUseCase.swift */ = {isa = PBXFileReference; lastKnownFileType = sourcecode.swift; path = MediaUseCase.swift; sourceTree = "<group>"; };
		55D841692CD79889006349C4 /* GameUseCase.swift */ = {isa = PBXFileReference; lastKnownFileType = sourcecode.swift; path = GameUseCase.swift; sourceTree = "<group>"; };
		55E4CC7F2BCA9A050048EF56 /* String+Extensions.swift */ = {isa = PBXFileReference; lastKnownFileType = sourcecode.swift; path = "String+Extensions.swift"; sourceTree = "<group>"; };
		55E4CC812BCADB2C0048EF56 /* Color+Extensions.swift */ = {isa = PBXFileReference; lastKnownFileType = sourcecode.swift; path = "Color+Extensions.swift"; sourceTree = "<group>"; };
		55E51A3B2BDEB1FF00A8541B /* FavoritesView.swift */ = {isa = PBXFileReference; lastKnownFileType = sourcecode.swift; path = FavoritesView.swift; sourceTree = "<group>"; };
/* End PBXFileReference section */

/* Begin PBXFrameworksBuildPhase section */
		55212BAA2BA7A0C400080A71 /* Frameworks */ = {
			isa = PBXFrameworksBuildPhase;
			buildActionMask = 2147483647;
			files = (
			);
			runOnlyForDeploymentPostprocessing = 0;
		};
		552CA6772D0DD8EF005FA521 /* Frameworks */ = {
			isa = PBXFrameworksBuildPhase;
			buildActionMask = 2147483647;
			files = (
			);
			runOnlyForDeploymentPostprocessing = 0;
		};
/* End PBXFrameworksBuildPhase section */

/* Begin PBXGroup section */
		550C5F382BBA135E005B853B /* UseCase */ = {
			isa = PBXGroup;
			children = (
				55D841632CD7946B006349C4 /* MediaUseCase.swift */,
				55D841692CD79889006349C4 /* GameUseCase.swift */,
				5524A5502D6B7C6D0028C7E8 /* SettingsUseCase.swift */,
			);
			path = UseCase;
			sourceTree = "<group>";
		};
		550C5F392BBA136E005B853B /* Model */ = {
			isa = PBXGroup;
			children = (
				557713132D2AEF4300302F8A /* Tab */,
				5551A8332D11B55000AFC04A /* Media */,
				5577133C2D4965C400302F8A /* MovieDB */,
				5551A8342D11B55600AFC04A /* Game */,
				55802B7E2D11BF4A00C78317 /* Gemini */,
				55802B7D2D11BF4300C78317 /* OpenAI */,
				5524A53D2D6200870028C7E8 /* DeepSeek */,
				557713062D2AB9EB00302F8A /* Language */,
			);
			path = Model;
			sourceTree = "<group>";
		};
		550C5F3A2BBA1374005B853B /* View */ = {
			isa = PBXGroup;
			children = (
				5551A8272D11936300AFC04A /* Components */,
				557713142D2AF20B00302F8A /* Utilities */,
				55D425CE2BCC4AFF001FA57C /* TabBarView.swift */,
				55D425D02BCC4C3C001FA57C /* HomeView.swift */,
				55AFE60B2BD520E20015E411 /* GameView.swift */,
				55AFE60D2BD5C51E0015E411 /* SearchView.swift */,
				55E51A3B2BDEB1FF00A8541B /* FavoritesView.swift */,
				557F55652BE4267B00EEAA2F /* SettingsView.swift */,
			);
			path = View;
			sourceTree = "<group>";
		};
		550C5F3B2BBA1378005B853B /* ViewModel */ = {
			isa = PBXGroup;
			children = (
				55802B8A2D14601000C78317 /* AppViewModel.swift */,
			);
			path = ViewModel;
			sourceTree = "<group>";
		};
		55212BA42BA7A0C400080A71 = {
			isa = PBXGroup;
			children = (
				55212BAF2BA7A0C400080A71 /* PlayWatch */,
				55802B842D134B0500C78317 /* PlayWatchTests */,
				55212BAE2BA7A0C400080A71 /* Products */,
			);
			sourceTree = "<group>";
		};
		55212BAE2BA7A0C400080A71 /* Products */ = {
			isa = PBXGroup;
			children = (
				55212BAD2BA7A0C400080A71 /* PlayWatch.app */,
				552CA67A2D0DD8EF005FA521 /* PlayWatchTests.xctest */,
			);
			name = Products;
			sourceTree = "<group>";
		};
		55212BAF2BA7A0C400080A71 /* PlayWatch */ = {
			isa = PBXGroup;
			children = (
				557712FC2D29AB1800302F8A /* Core */,
				557712F92D29A59C00302F8A /* Network */,
				550C5F392BBA136E005B853B /* Model */,
				550C5F3A2BBA1374005B853B /* View */,
				550C5F3B2BBA1378005B853B /* ViewModel */,
				55802B8C2D14605C00C78317 /* ModelLogic */,
				550C5F382BBA135E005B853B /* UseCase */,
				55B0C16D2CCAA840002C563F /* Repository */,
				557713042D2AB87700302F8A /* Localization */,
				55212BB02BA7A0C400080A71 /* PlayWatchApp.swift */,
				55212BB42BA7A0C400080A71 /* Item.swift */,
				55212BB62BA7A0C500080A71 /* Assets.xcassets */,
				55212BB82BA7A0C500080A71 /* PlayWatch.entitlements */,
				55212BB92BA7A0C500080A71 /* Preview Content */,
			);
			path = PlayWatch;
			sourceTree = "<group>";
		};
		55212BB92BA7A0C500080A71 /* Preview Content */ = {
			isa = PBXGroup;
			children = (
				55B0C1682CCA9244002C563F /* All.json */,
				55B0C1622CCA9236002C563F /* Movies.json */,
				55B0C1662CCA9241002C563F /* People.json */,
				55B0C1642CCA923C002C563F /* TVShows.json */,
				55410B792CE12C5200079680 /* OpenAIResponse.json */,
				55410B782CE12C5200079680 /* GeminiAIResponse.json */,
				55212BBA2BA7A0C500080A71 /* Preview Assets.xcassets */,
				558F1C5E2D4EA8930087DE99 /* PreviewConstants.swift */,
				55802B862D145AA300C78317 /* MovieDBRepositoryPreview.swift */,
				55802B882D145BD100C78317 /* MultiAIRepositoryPreview.swift */,
				558F1C5C2D4EA8680087DE99 /* AIServer+Preview.swift */,
				558F1C602D4EA96F0087DE99 /* MediaFetchType+Preview.swift */,
				5524A54E2D6B46D60028C7E8 /* AppViewModel+Preview.swift */,
			);
			path = "Preview Content";
			sourceTree = "<group>";
		};
		5524A53D2D6200870028C7E8 /* DeepSeek */ = {
			isa = PBXGroup;
			children = (
				5524A53E2D6200A20028C7E8 /* DeepSeekModel.swift */,
			);
			path = DeepSeek;
			sourceTree = "<group>";
		};
		5551A8272D11936300AFC04A /* Components */ = {
			isa = PBXGroup;
			children = (
				555C8D1D2D0CA6F400B175E5 /* MediaCardView.swift */,
				55D73FE22BCDB2A600F337FC /* TabShape.swift */,
			);
			path = Components;
			sourceTree = "<group>";
		};
		5551A8332D11B55000AFC04A /* Media */ = {
			isa = PBXGroup;
			children = (
				5551A8292D11977700AFC04A /* Media.swift */,
				5551A82F2D11985D00AFC04A /* MediaResponse.swift */,
				5551A82D2D11983600AFC04A /* MediaDTO.swift */,
				557713362D480A4700302F8A /* MediaFetchType.swift */,
				5551A8352D11B59700AFC04A /* MediaSection.swift */,
				274B58732D1ACEF100420F6E /* MediaRequestConfig.swift */,
				5577133A2D480E3400302F8A /* MediaLocale.swift */,
			);
			path = Media;
			sourceTree = "<group>";
		};
		5551A8342D11B55600AFC04A /* Game */ = {
			isa = PBXGroup;
			children = (
				555F69D72BF68931000DF9B9 /* Quiz.swift */,
				5551A8312D11AF1900AFC04A /* GameQuiz.swift */,
				27D7BC792D21C04300D022D5 /* GameRequestConfig.swift */,
				558F1C642D4F81340087DE99 /* GameConfig.swift */,
			);
			path = Game;
			sourceTree = "<group>";
		};
		557712F92D29A59C00302F8A /* Network */ = {
			isa = PBXGroup;
			children = (
				557713332D47FE8500302F8A /* Constants */,
				5577130E2D2AE0BF00302F8A /* Configuration */,
				557713172D33296600302F8A /* Endpoints */,
				558F1C592D4EA2E60087DE99 /* Decoding */,
				5577130B2D2AD85800302F8A /* Utilities */,
				557713032D2AB69800302F8A /* Extensions */,
				5577130F2D2AE0C400302F8A /* Errors */,
			);
			path = Network;
			sourceTree = "<group>";
		};
		557712FC2D29AB1800302F8A /* Core */ = {
			isa = PBXGroup;
			children = (
				5576C3AD2BB9B13F00E511DE /* Constants.swift */,
				557713012D2AB61000302F8A /* Components */,
				5577130C2D2AD91A00302F8A /* Utilities */,
				557713022D2AB61600302F8A /* Extensions */,
				5577130D2D2ADBE000302F8A /* Errors */,
			);
			path = Core;
			sourceTree = "<group>";
		};
		557713012D2AB61000302F8A /* Components */ = {
			isa = PBXGroup;
			children = (
				55077AD82BD2CD6600E9B681 /* CacheAsyncImage.swift */,
			);
			path = Components;
			sourceTree = "<group>";
		};
		557713022D2AB61600302F8A /* Extensions */ = {
			isa = PBXGroup;
			children = (
				55E4CC7F2BCA9A050048EF56 /* String+Extensions.swift */,
				55E4CC812BCADB2C0048EF56 /* Color+Extensions.swift */,
				55AFE6072BD5160E0015E411 /* Date+Extensions.swift */,
				555B26E22C1CC49400B789A1 /* Bool+Extensions.swift */,
				55651E142D0F463E00ABD48B /* Data+Extensions.swift */,
			);
			path = Extensions;
			sourceTree = "<group>";
		};
		557713032D2AB69800302F8A /* Extensions */ = {
			isa = PBXGroup;
			children = (
				55651E162D0F49DF00ABD48B /* URL+Extensions.swift */,
				557712FA2D29A64700302F8A /* URLRequest+Extensions.swift */,
				55651E1A2D0F584C00ABD48B /* HTTPURLResponse+Success.swift */,
				55651E182D0F581900ABD48B /* URLResponse+HTTP.swift */,
				557713152D32C31800302F8A /* Dictionary+HTTPHeaders.swift */,
			);
			path = Extensions;
			sourceTree = "<group>";
		};
		557713042D2AB87700302F8A /* Localization */ = {
			isa = PBXGroup;
			children = (
				55034E952BE5384A00BCBD0E /* LocalizableString.swift */,
				557713052D2AB89800302F8A /* Resources */,
			);
			path = Localization;
			sourceTree = "<group>";
		};
		557713052D2AB89800302F8A /* Resources */ = {
			isa = PBXGroup;
			children = (
				557F55632BE425DE00EEAA2F /* Localizable.xcstrings */,
				55034E912BE5317D00BCBD0E /* LocalizableTabBar.xcstrings */,
				55034E932BE5356000BCBD0E /* LocalizableHome.xcstrings */,
				55034E972BE53DF300BCBD0E /* LocalizableSettings.xcstrings */,
			);
			path = Resources;
			sourceTree = "<group>";
		};
		557713062D2AB9EB00302F8A /* Language */ = {
			isa = PBXGroup;
			children = (
				557713072D2ACF3B00302F8A /* AppLanguage.swift */,
				557713092D2ACF4B00302F8A /* AppRegion.swift */,
			);
			path = Language;
			sourceTree = "<group>";
		};
		5577130B2D2AD85800302F8A /* Utilities */ = {
			isa = PBXGroup;
			children = (
				558F1C662D4F83B50087DE99 /* PromptGenerator.swift */,
				5524A54A2D625E9E0028C7E8 /* PromptType.swift */,
				55B0C1702CCBE7C9002C563F /* JSONDecoder+SnakeCase.swift */,
				557713382D480C4A00302F8A /* MovieDBUtils.swift */,
			);
			path = Utilities;
			sourceTree = "<group>";
		};
		5577130C2D2AD91A00302F8A /* Utilities */ = {
			isa = PBXGroup;
			children = (
				5581067C2C00F75300D7A96D /* EnvironmentValues+ScreenSize.swift */,
				55C3F1902C6E3140006DE59B /* EventHandler.swift */,
			);
			path = Utilities;
			sourceTree = "<group>";
		};
		5577130D2D2ADBE000302F8A /* Errors */ = {
			isa = PBXGroup;
			children = (
				5551A8252D10D05400AFC04A /* String+Errors.swift */,
				558F1C622D4F803B0087DE99 /* Game+Errors.swift */,
			);
			path = Errors;
			sourceTree = "<group>";
		};
		5577130E2D2AE0BF00302F8A /* Configuration */ = {
			isa = PBXGroup;
			children = (
				5576C3AF2BB9C10D00E511DE /* API.swift */,
				55B2540E2BC29ACC006ACD43 /* HTTP.swift */,
				5576C3B12BB9C7C300E511DE /* APIKey-Info.plist */,
				558F1C572D4E9AD70087DE99 /* AIServer.swift */,
			);
			path = Configuration;
			sourceTree = "<group>";
		};
		5577130F2D2AE0C400302F8A /* Errors */ = {
			isa = PBXGroup;
			children = (
				557713102D2AEA6500302F8A /* API+Errors.swift */,
			);
			path = Errors;
			sourceTree = "<group>";
		};
		557713132D2AEF4300302F8A /* Tab */ = {
			isa = PBXGroup;
			children = (
				55D425CA2BCC4669001FA57C /* Tab.swift */,
			);
			path = Tab;
			sourceTree = "<group>";
		};
		557713142D2AF20B00302F8A /* Utilities */ = {
			isa = PBXGroup;
			children = (
				55D73FE42BCDB5E700F337FC /* TabPosition.swift */,
			);
			path = Utilities;
			sourceTree = "<group>";
		};
		557713172D33296600302F8A /* Endpoints */ = {
			isa = PBXGroup;
			children = (
				5577132D2D47E00C00302F8A /* BaseEndpoint.swift */,
				5577132F2D47E09A00302F8A /* MediaEndpoints.swift */,
				557713312D47E14100302F8A /* AIEndpoints.swift */,
			);
			path = Endpoints;
			sourceTree = "<group>";
		};
		557713332D47FE8500302F8A /* Constants */ = {
			isa = PBXGroup;
			children = (
				557713342D47FE8F00302F8A /* MovieDBConstants.swift */,
			);
			path = Constants;
			sourceTree = "<group>";
		};
		5577133C2D4965C400302F8A /* MovieDB */ = {
			isa = PBXGroup;
			children = (
				5551A82B2D11980400AFC04A /* MovieDBType.swift */,
				5577133D2D4965E000302F8A /* MovieDBSorting.swift */,
				5577133F2D4969E100302F8A /* MovieDBImageSize.swift */,
			);
			path = MovieDB;
			sourceTree = "<group>";
		};
		55802B7D2D11BF4300C78317 /* OpenAI */ = {
			isa = PBXGroup;
			children = (
				5549D57B2BC0738700B934CD /* OpenAIResponse.swift */,
				557713292D45361F00302F8A /* OpenAIBody.swift */,
				5524A53B2D61FE1C0028C7E8 /* OpenAIModel.swift */,
				5524A5482D624CCA0028C7E8 /* OpenAIModelCompatible.swift */,
				5524A5422D6202F50028C7E8 /* OpenAIOutput.swift */,
				5524A5462D6205830028C7E8 /* OpenAISystemModel.swift */,
			);
			path = OpenAI;
			sourceTree = "<group>";
		};
		55802B7E2D11BF4A00C78317 /* Gemini */ = {
			isa = PBXGroup;
			children = (
				55B254102BC2AD47006ACD43 /* GeminiResponse.swift */,
				5577132B2D453BB800302F8A /* GeminiBody.swift */,
				5524A5402D6200FE0028C7E8 /* GeminiModel.swift */,
				5524A5442D6203320028C7E8 /* GeminiOutput.swift */,
			);
			path = Gemini;
			sourceTree = "<group>";
		};
		55802B842D134B0500C78317 /* PlayWatchTests */ = {
			isa = PBXGroup;
			children = (
				55802B832D134B0500C78317 /* PlayWatchTests.swift */,
			);
			path = PlayWatchTests;
			sourceTree = "<group>";
		};
		55802B8C2D14605C00C78317 /* ModelLogic */ = {
			isa = PBXGroup;
			children = (
				55802B8D2D146A8300C78317 /* HomeModelLogic.swift */,
				55802B8F2D146A9C00C78317 /* GameModelLogic.swift */,
				5524A5522D6B7CED0028C7E8 /* SettingsModelLogic.swift */,
			);
			path = ModelLogic;
			sourceTree = "<group>";
		};
		558F1C592D4EA2E60087DE99 /* Decoding */ = {
			isa = PBXGroup;
			children = (
				558F1C5A2D4EA35B0087DE99 /* AIResponseDecoder.swift */,
			);
			path = Decoding;
			sourceTree = "<group>";
		};
		55B0C16D2CCAA840002C563F /* Repository */ = {
			isa = PBXGroup;
			children = (
				55B0C16E2CCAA86D002C563F /* MovieDBRepository.swift */,
				55410B762CE0C5E600079680 /* MultiAIRepository.swift */,
				5524A5542D6B89BC0028C7E8 /* StorageRepository.swift */,
			);
			path = Repository;
			sourceTree = "<group>";
		};
/* End PBXGroup section */

/* Begin PBXNativeTarget section */
		55212BAC2BA7A0C400080A71 /* PlayWatch */ = {
			isa = PBXNativeTarget;
			buildConfigurationList = 55212BD42BA7A0C600080A71 /* Build configuration list for PBXNativeTarget "PlayWatch" */;
			buildPhases = (
				55212BA92BA7A0C400080A71 /* Sources */,
				55212BAA2BA7A0C400080A71 /* Frameworks */,
				55212BAB2BA7A0C400080A71 /* Resources */,
			);
			buildRules = (
			);
			dependencies = (
			);
			name = PlayWatch;
			packageProductDependencies = (
			);
			productName = PlayWatch;
			productReference = 55212BAD2BA7A0C400080A71 /* PlayWatch.app */;
			productType = "com.apple.product-type.application";
		};
		552CA6792D0DD8EF005FA521 /* PlayWatchTests */ = {
			isa = PBXNativeTarget;
			buildConfigurationList = 552CA6822D0DD8EF005FA521 /* Build configuration list for PBXNativeTarget "PlayWatchTests" */;
			buildPhases = (
				552CA6762D0DD8EF005FA521 /* Sources */,
				552CA6772D0DD8EF005FA521 /* Frameworks */,
				552CA6782D0DD8EF005FA521 /* Resources */,
			);
			buildRules = (
			);
			dependencies = (
				552CA67F2D0DD8EF005FA521 /* PBXTargetDependency */,
			);
			name = PlayWatchTests;
			packageProductDependencies = (
			);
			productName = PlayWatchTests;
			productReference = 552CA67A2D0DD8EF005FA521 /* PlayWatchTests.xctest */;
			productType = "com.apple.product-type.bundle.unit-test";
		};
/* End PBXNativeTarget section */

/* Begin PBXProject section */
		55212BA52BA7A0C400080A71 /* Project object */ = {
			isa = PBXProject;
			attributes = {
				BuildIndependentTargetsInParallel = 1;
				LastSwiftUpdateCheck = 1620;
				LastUpgradeCheck = 1610;
				TargetAttributes = {
					55212BAC2BA7A0C400080A71 = {
						CreatedOnToolsVersion = 15.3;
					};
					552CA6792D0DD8EF005FA521 = {
						CreatedOnToolsVersion = 16.2;
						TestTargetID = 55212BAC2BA7A0C400080A71;
					};
				};
			};
			buildConfigurationList = 55212BA82BA7A0C400080A71 /* Build configuration list for PBXProject "PlayWatch" */;
			compatibilityVersion = "Xcode 14.0";
			developmentRegion = en;
			hasScannedForEncodings = 0;
			knownRegions = (
				en,
				Base,
				es,
				eu,
				ca,
				fr,
				it,
				"pt-PT",
				de,
			);
			mainGroup = 55212BA42BA7A0C400080A71;
			packageReferences = (
			);
			productRefGroup = 55212BAE2BA7A0C400080A71 /* Products */;
			projectDirPath = "";
			projectRoot = "";
			targets = (
				55212BAC2BA7A0C400080A71 /* PlayWatch */,
				552CA6792D0DD8EF005FA521 /* PlayWatchTests */,
			);
		};
/* End PBXProject section */

/* Begin PBXResourcesBuildPhase section */
		55212BAB2BA7A0C400080A71 /* Resources */ = {
			isa = PBXResourcesBuildPhase;
			buildActionMask = 2147483647;
			files = (
				55B0C1692CCA9244002C563F /* All.json in Resources */,
				55410B7A2CE12C5200079680 /* OpenAIResponse.json in Resources */,
				55410B7B2CE12C5200079680 /* GeminiAIResponse.json in Resources */,
				55B0C1652CCA923C002C563F /* TVShows.json in Resources */,
				55034E982BE53DF300BCBD0E /* LocalizableSettings.xcstrings in Resources */,
				55B0C1672CCA9241002C563F /* People.json in Resources */,
				5576C3B22BB9C7C300E511DE /* APIKey-Info.plist in Resources */,
				55034E922BE5317D00BCBD0E /* LocalizableTabBar.xcstrings in Resources */,
				55212BBB2BA7A0C500080A71 /* Preview Assets.xcassets in Resources */,
				55034E942BE5356000BCBD0E /* LocalizableHome.xcstrings in Resources */,
				557F55642BE425DE00EEAA2F /* Localizable.xcstrings in Resources */,
				55B0C1632CCA9236002C563F /* Movies.json in Resources */,
				55212BB72BA7A0C500080A71 /* Assets.xcassets in Resources */,
			);
			runOnlyForDeploymentPostprocessing = 0;
		};
		552CA6782D0DD8EF005FA521 /* Resources */ = {
			isa = PBXResourcesBuildPhase;
			buildActionMask = 2147483647;
			files = (
			);
			runOnlyForDeploymentPostprocessing = 0;
		};
/* End PBXResourcesBuildPhase section */

/* Begin PBXSourcesBuildPhase section */
		55212BA92BA7A0C400080A71 /* Sources */ = {
			isa = PBXSourcesBuildPhase;
			buildActionMask = 2147483647;
			files = (
				55802B8B2D14601000C78317 /* AppViewModel.swift in Sources */,
				557713112D2AEA6500302F8A /* API+Errors.swift in Sources */,
				5577130A2D2ACF4B00302F8A /* AppRegion.swift in Sources */,
				55D73FE52BCDB5E700F337FC /* TabPosition.swift in Sources */,
				55D73FE32BCDB2A600F337FC /* TabShape.swift in Sources */,
				557713392D480C4A00302F8A /* MovieDBUtils.swift in Sources */,
				5549D57C2BC0738700B934CD /* OpenAIResponse.swift in Sources */,
				55077AD92BD2CD6600E9B681 /* CacheAsyncImage.swift in Sources */,
				558F1C612D4EA96F0087DE99 /* MediaFetchType+Preview.swift in Sources */,
				558F1C632D4F803B0087DE99 /* Game+Errors.swift in Sources */,
				5551A8262D10D05400AFC04A /* String+Errors.swift in Sources */,
				5551A82A2D11977700AFC04A /* Media.swift in Sources */,
				5551A82E2D11983600AFC04A /* MediaDTO.swift in Sources */,
				555F69D82BF68931000DF9B9 /* Quiz.swift in Sources */,
				5577133B2D480E3400302F8A /* MediaLocale.swift in Sources */,
				5551A82C2D11980400AFC04A /* MovieDBType.swift in Sources */,
				5551A8322D11AF1900AFC04A /* GameQuiz.swift in Sources */,
				55802B8E2D146A8300C78317 /* HomeModelLogic.swift in Sources */,
				5577133E2D4965E000302F8A /* MovieDBSorting.swift in Sources */,
				5577132E2D47E00C00302F8A /* BaseEndpoint.swift in Sources */,
				55E4CC822BCADB2C0048EF56 /* Color+Extensions.swift in Sources */,
				55651E1B2D0F584C00ABD48B /* HTTPURLResponse+Success.swift in Sources */,
				557713082D2ACF3B00302F8A /* AppLanguage.swift in Sources */,
				5524A5472D6205830028C7E8 /* OpenAISystemModel.swift in Sources */,
				5581067D2C00F75300D7A96D /* EnvironmentValues+ScreenSize.swift in Sources */,
				55B0C1712CCBE7C9002C563F /* JSONDecoder+SnakeCase.swift in Sources */,
				557713162D32C31800302F8A /* Dictionary+HTTPHeaders.swift in Sources */,
				55034E962BE5384A00BCBD0E /* LocalizableString.swift in Sources */,
				5551A8362D11B59700AFC04A /* MediaSection.swift in Sources */,
				55AFE6082BD5160E0015E411 /* Date+Extensions.swift in Sources */,
				5524A5512D6B7C6D0028C7E8 /* SettingsUseCase.swift in Sources */,
				555B26E32C1CC49400B789A1 /* Bool+Extensions.swift in Sources */,
				5577132C2D453BB800302F8A /* GeminiBody.swift in Sources */,
				55651E172D0F49DF00ABD48B /* URL+Extensions.swift in Sources */,
				27D7BC7A2D21C04300D022D5 /* GameRequestConfig.swift in Sources */,
				5524A54F2D6B46D60028C7E8 /* AppViewModel+Preview.swift in Sources */,
				5576C3B02BB9C10D00E511DE /* API.swift in Sources */,
				557713372D480A4700302F8A /* MediaFetchType.swift in Sources */,
				55AFE60C2BD520E20015E411 /* GameView.swift in Sources */,
				55E4CC802BCA9A050048EF56 /* String+Extensions.swift in Sources */,
				5524A5532D6B7CED0028C7E8 /* SettingsModelLogic.swift in Sources */,
				55802B902D146A9C00C78317 /* GameModelLogic.swift in Sources */,
				55E51A3C2BDEB1FF00A8541B /* FavoritesView.swift in Sources */,
				55B0C16F2CCAA86D002C563F /* MovieDBRepository.swift in Sources */,
				55D425CB2BCC4669001FA57C /* Tab.swift in Sources */,
				557F55662BE4267B00EEAA2F /* SettingsView.swift in Sources */,
				55B2540F2BC29ACC006ACD43 /* HTTP.swift in Sources */,
				55D8416A2CD79889006349C4 /* GameUseCase.swift in Sources */,
				5524A53F2D6200A20028C7E8 /* DeepSeekModel.swift in Sources */,
				55802B872D145AA300C78317 /* MovieDBRepositoryPreview.swift in Sources */,
				557713322D47E14100302F8A /* AIEndpoints.swift in Sources */,
				5524A54B2D625E9E0028C7E8 /* PromptType.swift in Sources */,
				55410B772CE0C5E600079680 /* MultiAIRepository.swift in Sources */,
				55212BB52BA7A0C400080A71 /* Item.swift in Sources */,
				55D425D12BCC4C3C001FA57C /* HomeView.swift in Sources */,
				5576C3AE2BB9B13F00E511DE /* Constants.swift in Sources */,
				555C8D1E2D0CA6F400B175E5 /* MediaCardView.swift in Sources */,
				557712FB2D29A64700302F8A /* URLRequest+Extensions.swift in Sources */,
				558F1C5D2D4EA8680087DE99 /* AIServer+Preview.swift in Sources */,
				55B254112BC2AD47006ACD43 /* GeminiResponse.swift in Sources */,
				5524A5432D6202F50028C7E8 /* OpenAIOutput.swift in Sources */,
				558F1C5B2D4EA35B0087DE99 /* AIResponseDecoder.swift in Sources */,
				558F1C5F2D4EA8930087DE99 /* PreviewConstants.swift in Sources */,
				5524A5452D6203320028C7E8 /* GeminiOutput.swift in Sources */,
				5577132A2D45361F00302F8A /* OpenAIBody.swift in Sources */,
				55C3F1912C6E3140006DE59B /* EventHandler.swift in Sources */,
				558F1C652D4F81340087DE99 /* GameConfig.swift in Sources */,
				557713352D47FE8F00302F8A /* MovieDBConstants.swift in Sources */,
				558F1C672D4F83B50087DE99 /* PromptGenerator.swift in Sources */,
				557713402D4969E100302F8A /* MovieDBImageSize.swift in Sources */,
				5524A53C2D61FE1C0028C7E8 /* OpenAIModel.swift in Sources */,
				558F1C582D4E9AD70087DE99 /* AIServer.swift in Sources */,
				5524A5552D6B89BC0028C7E8 /* StorageRepository.swift in Sources */,
				5551A8302D11985D00AFC04A /* MediaResponse.swift in Sources */,
				55802B892D145BD100C78317 /* MultiAIRepositoryPreview.swift in Sources */,
				557713302D47E09A00302F8A /* MediaEndpoints.swift in Sources */,
				55651E152D0F463E00ABD48B /* Data+Extensions.swift in Sources */,
				5524A5412D6200FE0028C7E8 /* GeminiModel.swift in Sources */,
				5524A5492D624CCA0028C7E8 /* OpenAIModelCompatible.swift in Sources */,
				55AFE60E2BD5C51F0015E411 /* SearchView.swift in Sources */,
				55D425CF2BCC4AFF001FA57C /* TabBarView.swift in Sources */,
				55212BB12BA7A0C400080A71 /* PlayWatchApp.swift in Sources */,
				274B58742D1ACEF100420F6E /* MediaRequestConfig.swift in Sources */,
				55651E192D0F581900ABD48B /* URLResponse+HTTP.swift in Sources */,
				55D841642CD7946B006349C4 /* MediaUseCase.swift in Sources */,
			);
			runOnlyForDeploymentPostprocessing = 0;
		};
		552CA6762D0DD8EF005FA521 /* Sources */ = {
			isa = PBXSourcesBuildPhase;
			buildActionMask = 2147483647;
			files = (
				55802B852D134B0500C78317 /* PlayWatchTests.swift in Sources */,
			);
			runOnlyForDeploymentPostprocessing = 0;
		};
/* End PBXSourcesBuildPhase section */

/* Begin PBXTargetDependency section */
		552CA67F2D0DD8EF005FA521 /* PBXTargetDependency */ = {
			isa = PBXTargetDependency;
			target = 55212BAC2BA7A0C400080A71 /* PlayWatch */;
			targetProxy = 552CA67E2D0DD8EF005FA521 /* PBXContainerItemProxy */;
		};
/* End PBXTargetDependency section */

/* Begin XCBuildConfiguration section */
		55212BD22BA7A0C600080A71 /* Debug */ = {
			isa = XCBuildConfiguration;
			buildSettings = {
				ALWAYS_SEARCH_USER_PATHS = NO;
				ASSETCATALOG_COMPILER_GENERATE_SWIFT_ASSET_SYMBOL_EXTENSIONS = YES;
				CLANG_ANALYZER_LOCALIZABILITY_NONLOCALIZED = YES;
				CLANG_ANALYZER_NONNULL = YES;
				CLANG_ANALYZER_NUMBER_OBJECT_CONVERSION = YES_AGGRESSIVE;
				CLANG_CXX_LANGUAGE_STANDARD = "gnu++20";
				CLANG_ENABLE_MODULES = YES;
				CLANG_ENABLE_OBJC_ARC = YES;
				CLANG_ENABLE_OBJC_WEAK = YES;
				CLANG_WARN_BLOCK_CAPTURE_AUTORELEASING = YES;
				CLANG_WARN_BOOL_CONVERSION = YES;
				CLANG_WARN_COMMA = YES;
				CLANG_WARN_CONSTANT_CONVERSION = YES;
				CLANG_WARN_DEPRECATED_OBJC_IMPLEMENTATIONS = YES;
				CLANG_WARN_DIRECT_OBJC_ISA_USAGE = YES_ERROR;
				CLANG_WARN_DOCUMENTATION_COMMENTS = YES;
				CLANG_WARN_EMPTY_BODY = YES;
				CLANG_WARN_ENUM_CONVERSION = YES;
				CLANG_WARN_INFINITE_RECURSION = YES;
				CLANG_WARN_INT_CONVERSION = YES;
				CLANG_WARN_NON_LITERAL_NULL_CONVERSION = YES;
				CLANG_WARN_OBJC_IMPLICIT_RETAIN_SELF = YES;
				CLANG_WARN_OBJC_LITERAL_CONVERSION = YES;
				CLANG_WARN_OBJC_ROOT_CLASS = YES_ERROR;
				CLANG_WARN_QUOTED_INCLUDE_IN_FRAMEWORK_HEADER = YES;
				CLANG_WARN_RANGE_LOOP_ANALYSIS = YES;
				CLANG_WARN_STRICT_PROTOTYPES = YES;
				CLANG_WARN_SUSPICIOUS_MOVE = YES;
				CLANG_WARN_UNGUARDED_AVAILABILITY = YES_AGGRESSIVE;
				CLANG_WARN_UNREACHABLE_CODE = YES;
				CLANG_WARN__DUPLICATE_METHOD_MATCH = YES;
				COPY_PHASE_STRIP = NO;
				DEAD_CODE_STRIPPING = YES;
				DEBUG_INFORMATION_FORMAT = dwarf;
				ENABLE_STRICT_OBJC_MSGSEND = YES;
				ENABLE_TESTABILITY = YES;
				ENABLE_USER_SCRIPT_SANDBOXING = YES;
				GCC_C_LANGUAGE_STANDARD = gnu17;
				GCC_DYNAMIC_NO_PIC = NO;
				GCC_NO_COMMON_BLOCKS = YES;
				GCC_OPTIMIZATION_LEVEL = 0;
				GCC_PREPROCESSOR_DEFINITIONS = (
					"DEBUG=1",
					"$(inherited)",
				);
				GCC_WARN_64_TO_32_BIT_CONVERSION = YES;
				GCC_WARN_ABOUT_RETURN_TYPE = YES_ERROR;
				GCC_WARN_UNDECLARED_SELECTOR = YES;
				GCC_WARN_UNINITIALIZED_AUTOS = YES_AGGRESSIVE;
				GCC_WARN_UNUSED_FUNCTION = YES;
				GCC_WARN_UNUSED_VARIABLE = YES;
				LOCALIZATION_PREFERS_STRING_CATALOGS = YES;
				MTL_ENABLE_DEBUG_INFO = INCLUDE_SOURCE;
				MTL_FAST_MATH = YES;
				ONLY_ACTIVE_ARCH = YES;
				SWIFT_ACTIVE_COMPILATION_CONDITIONS = "DEBUG $(inherited)";
				SWIFT_OPTIMIZATION_LEVEL = "-Onone";
				SWIFT_STRICT_CONCURRENCY = complete;
				SWIFT_VERSION = 6.0;
			};
			name = Debug;
		};
		55212BD32BA7A0C600080A71 /* Release */ = {
			isa = XCBuildConfiguration;
			buildSettings = {
				ALWAYS_SEARCH_USER_PATHS = NO;
				ASSETCATALOG_COMPILER_GENERATE_SWIFT_ASSET_SYMBOL_EXTENSIONS = YES;
				CLANG_ANALYZER_LOCALIZABILITY_NONLOCALIZED = YES;
				CLANG_ANALYZER_NONNULL = YES;
				CLANG_ANALYZER_NUMBER_OBJECT_CONVERSION = YES_AGGRESSIVE;
				CLANG_CXX_LANGUAGE_STANDARD = "gnu++20";
				CLANG_ENABLE_MODULES = YES;
				CLANG_ENABLE_OBJC_ARC = YES;
				CLANG_ENABLE_OBJC_WEAK = YES;
				CLANG_WARN_BLOCK_CAPTURE_AUTORELEASING = YES;
				CLANG_WARN_BOOL_CONVERSION = YES;
				CLANG_WARN_COMMA = YES;
				CLANG_WARN_CONSTANT_CONVERSION = YES;
				CLANG_WARN_DEPRECATED_OBJC_IMPLEMENTATIONS = YES;
				CLANG_WARN_DIRECT_OBJC_ISA_USAGE = YES_ERROR;
				CLANG_WARN_DOCUMENTATION_COMMENTS = YES;
				CLANG_WARN_EMPTY_BODY = YES;
				CLANG_WARN_ENUM_CONVERSION = YES;
				CLANG_WARN_INFINITE_RECURSION = YES;
				CLANG_WARN_INT_CONVERSION = YES;
				CLANG_WARN_NON_LITERAL_NULL_CONVERSION = YES;
				CLANG_WARN_OBJC_IMPLICIT_RETAIN_SELF = YES;
				CLANG_WARN_OBJC_LITERAL_CONVERSION = YES;
				CLANG_WARN_OBJC_ROOT_CLASS = YES_ERROR;
				CLANG_WARN_QUOTED_INCLUDE_IN_FRAMEWORK_HEADER = YES;
				CLANG_WARN_RANGE_LOOP_ANALYSIS = YES;
				CLANG_WARN_STRICT_PROTOTYPES = YES;
				CLANG_WARN_SUSPICIOUS_MOVE = YES;
				CLANG_WARN_UNGUARDED_AVAILABILITY = YES_AGGRESSIVE;
				CLANG_WARN_UNREACHABLE_CODE = YES;
				CLANG_WARN__DUPLICATE_METHOD_MATCH = YES;
				COPY_PHASE_STRIP = NO;
				DEAD_CODE_STRIPPING = YES;
				DEBUG_INFORMATION_FORMAT = "dwarf-with-dsym";
				ENABLE_NS_ASSERTIONS = NO;
				ENABLE_STRICT_OBJC_MSGSEND = YES;
				ENABLE_USER_SCRIPT_SANDBOXING = YES;
				GCC_C_LANGUAGE_STANDARD = gnu17;
				GCC_NO_COMMON_BLOCKS = YES;
				GCC_WARN_64_TO_32_BIT_CONVERSION = YES;
				GCC_WARN_ABOUT_RETURN_TYPE = YES_ERROR;
				GCC_WARN_UNDECLARED_SELECTOR = YES;
				GCC_WARN_UNINITIALIZED_AUTOS = YES_AGGRESSIVE;
				GCC_WARN_UNUSED_FUNCTION = YES;
				GCC_WARN_UNUSED_VARIABLE = YES;
				LOCALIZATION_PREFERS_STRING_CATALOGS = YES;
				MTL_ENABLE_DEBUG_INFO = NO;
				MTL_FAST_MATH = YES;
				SWIFT_COMPILATION_MODE = wholemodule;
				SWIFT_STRICT_CONCURRENCY = complete;
				SWIFT_VERSION = 6.0;
			};
			name = Release;
		};
		55212BD52BA7A0C600080A71 /* Debug */ = {
			isa = XCBuildConfiguration;
			buildSettings = {
				ASSETCATALOG_COMPILER_APPICON_NAME = AppIcon;
				ASSETCATALOG_COMPILER_GLOBAL_ACCENT_COLOR_NAME = AccentColor;
				CODE_SIGN_ENTITLEMENTS = PlayWatch/PlayWatch.entitlements;
				CODE_SIGN_STYLE = Automatic;
				CURRENT_PROJECT_VERSION = 1;
				DEAD_CODE_STRIPPING = YES;
				DEVELOPMENT_ASSET_PATHS = "\"PlayWatch/Preview Content\"";
				DEVELOPMENT_TEAM = 32C3Z2T4RE;
				ENABLE_HARDENED_RUNTIME = YES;
				ENABLE_PREVIEWS = YES;
				GENERATE_INFOPLIST_FILE = YES;
				"INFOPLIST_KEY_UIApplicationSceneManifest_Generation[sdk=iphoneos*]" = YES;
				"INFOPLIST_KEY_UIApplicationSceneManifest_Generation[sdk=iphonesimulator*]" = YES;
				"INFOPLIST_KEY_UIApplicationSupportsIndirectInputEvents[sdk=iphoneos*]" = YES;
				"INFOPLIST_KEY_UIApplicationSupportsIndirectInputEvents[sdk=iphonesimulator*]" = YES;
				"INFOPLIST_KEY_UILaunchScreen_Generation[sdk=iphoneos*]" = YES;
				"INFOPLIST_KEY_UILaunchScreen_Generation[sdk=iphonesimulator*]" = YES;
				"INFOPLIST_KEY_UIStatusBarStyle[sdk=iphoneos*]" = UIStatusBarStyleDefault;
				"INFOPLIST_KEY_UIStatusBarStyle[sdk=iphonesimulator*]" = UIStatusBarStyleDefault;
				INFOPLIST_KEY_UISupportedInterfaceOrientations_iPad = "UIInterfaceOrientationPortrait UIInterfaceOrientationPortraitUpsideDown UIInterfaceOrientationLandscapeLeft UIInterfaceOrientationLandscapeRight";
				INFOPLIST_KEY_UISupportedInterfaceOrientations_iPhone = "UIInterfaceOrientationPortrait UIInterfaceOrientationLandscapeLeft UIInterfaceOrientationLandscapeRight";
				IPHONEOS_DEPLOYMENT_TARGET = 18.0;
				LD_RUNPATH_SEARCH_PATHS = "@executable_path/Frameworks";
				"LD_RUNPATH_SEARCH_PATHS[sdk=macosx*]" = "@executable_path/../Frameworks";
				MACOSX_DEPLOYMENT_TARGET = 15.0;
				MARKETING_VERSION = 1.0;
				PRODUCT_BUNDLE_IDENTIFIER = com.aralarapps.PlayWatch;
				PRODUCT_NAME = "$(TARGET_NAME)";
				SDKROOT = auto;
				SUPPORTED_PLATFORMS = "iphoneos iphonesimulator macosx";
				SWIFT_EMIT_LOC_STRINGS = YES;
				SWIFT_VERSION = 6.0;
				TARGETED_DEVICE_FAMILY = "1,2";
			};
			name = Debug;
		};
		55212BD62BA7A0C600080A71 /* Release */ = {
			isa = XCBuildConfiguration;
			buildSettings = {
				ASSETCATALOG_COMPILER_APPICON_NAME = AppIcon;
				ASSETCATALOG_COMPILER_GLOBAL_ACCENT_COLOR_NAME = AccentColor;
				CODE_SIGN_ENTITLEMENTS = PlayWatch/PlayWatch.entitlements;
				CODE_SIGN_STYLE = Automatic;
				CURRENT_PROJECT_VERSION = 1;
				DEAD_CODE_STRIPPING = YES;
				DEVELOPMENT_ASSET_PATHS = "\"PlayWatch/Preview Content\"";
				DEVELOPMENT_TEAM = 32C3Z2T4RE;
				ENABLE_HARDENED_RUNTIME = YES;
				ENABLE_PREVIEWS = YES;
				GENERATE_INFOPLIST_FILE = YES;
				"INFOPLIST_KEY_UIApplicationSceneManifest_Generation[sdk=iphoneos*]" = YES;
				"INFOPLIST_KEY_UIApplicationSceneManifest_Generation[sdk=iphonesimulator*]" = YES;
				"INFOPLIST_KEY_UIApplicationSupportsIndirectInputEvents[sdk=iphoneos*]" = YES;
				"INFOPLIST_KEY_UIApplicationSupportsIndirectInputEvents[sdk=iphonesimulator*]" = YES;
				"INFOPLIST_KEY_UILaunchScreen_Generation[sdk=iphoneos*]" = YES;
				"INFOPLIST_KEY_UILaunchScreen_Generation[sdk=iphonesimulator*]" = YES;
				"INFOPLIST_KEY_UIStatusBarStyle[sdk=iphoneos*]" = UIStatusBarStyleDefault;
				"INFOPLIST_KEY_UIStatusBarStyle[sdk=iphonesimulator*]" = UIStatusBarStyleDefault;
				INFOPLIST_KEY_UISupportedInterfaceOrientations_iPad = "UIInterfaceOrientationPortrait UIInterfaceOrientationPortraitUpsideDown UIInterfaceOrientationLandscapeLeft UIInterfaceOrientationLandscapeRight";
				INFOPLIST_KEY_UISupportedInterfaceOrientations_iPhone = "UIInterfaceOrientationPortrait UIInterfaceOrientationLandscapeLeft UIInterfaceOrientationLandscapeRight";
				IPHONEOS_DEPLOYMENT_TARGET = 18.0;
				LD_RUNPATH_SEARCH_PATHS = "@executable_path/Frameworks";
				"LD_RUNPATH_SEARCH_PATHS[sdk=macosx*]" = "@executable_path/../Frameworks";
				MACOSX_DEPLOYMENT_TARGET = 15.0;
				MARKETING_VERSION = 1.0;
				PRODUCT_BUNDLE_IDENTIFIER = com.aralarapps.PlayWatch;
				PRODUCT_NAME = "$(TARGET_NAME)";
				SDKROOT = auto;
				SUPPORTED_PLATFORMS = "iphoneos iphonesimulator macosx";
				SWIFT_EMIT_LOC_STRINGS = YES;
				SWIFT_VERSION = 6.0;
				TARGETED_DEVICE_FAMILY = "1,2";
			};
			name = Release;
		};
		552CA6802D0DD8EF005FA521 /* Debug */ = {
			isa = XCBuildConfiguration;
			buildSettings = {
				BUNDLE_LOADER = "$(TEST_HOST)";
				CODE_SIGN_STYLE = Automatic;
				CURRENT_PROJECT_VERSION = 1;
				DEVELOPMENT_TEAM = 32C3Z2T4RE;
				GENERATE_INFOPLIST_FILE = YES;
				IPHONEOS_DEPLOYMENT_TARGET = 18.2;
				MARKETING_VERSION = 1.0;
				PRODUCT_BUNDLE_IDENTIFIER = com.aralarapps.PlayWatchTests;
				PRODUCT_NAME = "$(TARGET_NAME)";
				SDKROOT = iphoneos;
				SWIFT_EMIT_LOC_STRINGS = NO;
				SWIFT_VERSION = 5.0;
				TARGETED_DEVICE_FAMILY = "1,2";
				TEST_HOST = "$(BUILT_PRODUCTS_DIR)/PlayWatch.app/$(BUNDLE_EXECUTABLE_FOLDER_PATH)/PlayWatch";
			};
			name = Debug;
		};
		552CA6812D0DD8EF005FA521 /* Release */ = {
			isa = XCBuildConfiguration;
			buildSettings = {
				BUNDLE_LOADER = "$(TEST_HOST)";
				CODE_SIGN_STYLE = Automatic;
				CURRENT_PROJECT_VERSION = 1;
				DEVELOPMENT_TEAM = 32C3Z2T4RE;
				GENERATE_INFOPLIST_FILE = YES;
				IPHONEOS_DEPLOYMENT_TARGET = 18.2;
				MARKETING_VERSION = 1.0;
				PRODUCT_BUNDLE_IDENTIFIER = com.aralarapps.PlayWatchTests;
				PRODUCT_NAME = "$(TARGET_NAME)";
				SDKROOT = iphoneos;
				SWIFT_EMIT_LOC_STRINGS = NO;
				SWIFT_VERSION = 5.0;
				TARGETED_DEVICE_FAMILY = "1,2";
				TEST_HOST = "$(BUILT_PRODUCTS_DIR)/PlayWatch.app/$(BUNDLE_EXECUTABLE_FOLDER_PATH)/PlayWatch";
				VALIDATE_PRODUCT = YES;
			};
			name = Release;
		};
/* End XCBuildConfiguration section */

/* Begin XCConfigurationList section */
		55212BA82BA7A0C400080A71 /* Build configuration list for PBXProject "PlayWatch" */ = {
			isa = XCConfigurationList;
			buildConfigurations = (
				55212BD22BA7A0C600080A71 /* Debug */,
				55212BD32BA7A0C600080A71 /* Release */,
			);
			defaultConfigurationIsVisible = 0;
			defaultConfigurationName = Release;
		};
		55212BD42BA7A0C600080A71 /* Build configuration list for PBXNativeTarget "PlayWatch" */ = {
			isa = XCConfigurationList;
			buildConfigurations = (
				55212BD52BA7A0C600080A71 /* Debug */,
				55212BD62BA7A0C600080A71 /* Release */,
			);
			defaultConfigurationIsVisible = 0;
			defaultConfigurationName = Release;
		};
		552CA6822D0DD8EF005FA521 /* Build configuration list for PBXNativeTarget "PlayWatchTests" */ = {
			isa = XCConfigurationList;
			buildConfigurations = (
				552CA6802D0DD8EF005FA521 /* Debug */,
				552CA6812D0DD8EF005FA521 /* Release */,
			);
			defaultConfigurationIsVisible = 0;
			defaultConfigurationName = Release;
		};
/* End XCConfigurationList section */
	};
	rootObject = 55212BA52BA7A0C400080A71 /* Project object */;
}
